
Microsoft Visual Studio Solution File, Format Version 12.00
# Visual Studio Version 16
VisualStudioVersion = 16.0.30011.22
MinimumVisualStudioVersion = 10.0.40219.1
Project("{2150E333-8FDC-42A3-9474-1A3956D46DE8}") = "ThreadBased", "ThreadBased", "{2CB911B5-FE96-492F-AFE1-9D701E26CEBC}"
	ProjectSection(SolutionItems) = preProject
		ThreadBased\ThreadBased.txt = ThreadBased\ThreadBased.txt
	EndProjectSection
EndProject
Project("{FAE04EC0-301F-11D3-BF4B-00C04F79EFBC}") = "01ThreadCreate", "ThreadBased\01ThreadCreate\01ThreadCreate.csproj", "{35ABB7D7-D838-467A-8F65-3C10A4448FCE}"
EndProject
Project("{FAE04EC0-301F-11D3-BF4B-00C04F79EFBC}") = "02ThreadSleep", "ThreadBased\02ThreadSleep\02ThreadSleep.csproj", "{93A9EF1A-7B80-4BCE-B62F-B9AB573D4874}"
EndProject
Project("{FAE04EC0-301F-11D3-BF4B-00C04F79EFBC}") = "03ThreadJoin", "ThreadBased\03ThreadJoin\03ThreadJoin.csproj", "{FFFAD032-0DEF-4C9A-A64E-46081F22CBC6}"
EndProject
Project("{FAE04EC0-301F-11D3-BF4B-00C04F79EFBC}") = "04ThreadAbort", "ThreadBased\04ThreadAbort\04ThreadAbort.csproj", "{140C5276-26CE-4F8C-BA1D-D29B8B2BD223}"
EndProject
Project("{FAE04EC0-301F-11D3-BF4B-00C04F79EFBC}") = "05ThreadState", "ThreadBased\05ThreadState\05ThreadState.csproj", "{468341AB-D653-4B38-8F16-9B3A27AB95C8}"
EndProject
Project("{FAE04EC0-301F-11D3-BF4B-00C04F79EFBC}") = "06ThreadPriority", "ThreadBased\06ThreadPriority\06ThreadPriority.csproj", "{0AFB9C1D-94AE-4D34-9E79-5DC7F8D440B0}"
EndProject
Project("{FAE04EC0-301F-11D3-BF4B-00C04F79EFBC}") = "07ThreadBackground", "ThreadBased\07ThreadBackground\07ThreadBackground.csproj", "{6F3DC6BC-9048-4DA1-B544-8CF4A28A1287}"
EndProject
Project("{FAE04EC0-301F-11D3-BF4B-00C04F79EFBC}") = "08ThreadParam", "ThreadBased\08ThreadParam\08ThreadParam.csproj", "{5090D9FE-5FDC-43CF-9589-ACFAF61CB0EC}"
EndProject
Project("{FAE04EC0-301F-11D3-BF4B-00C04F79EFBC}") = "09ThreadLock", "ThreadBased\09ThreadLock\09ThreadLock.csproj", "{6D7A2123-F06B-4B93-A30C-14FC42FE484F}"
EndProject
Project("{FAE04EC0-301F-11D3-BF4B-00C04F79EFBC}") = "10ThreadMonitor", "ThreadBased\10ThreadMonitor\10ThreadMonitor.csproj", "{0CD7BEAA-7B5B-4FED-8C7F-A5F5F4BF6235}"
EndProject
Project("{FAE04EC0-301F-11D3-BF4B-00C04F79EFBC}") = "11ThreadException", "ThreadBased\11ThreadException\11ThreadException.csproj", "{8F571A1A-4A8F-4092-B211-67A3FE80F3FA}"
EndProject
Global
	GlobalSection(SolutionConfigurationPlatforms) = preSolution
		Debug|Any CPU = Debug|Any CPU
		Release|Any CPU = Release|Any CPU
	EndGlobalSection
	GlobalSection(ProjectConfigurationPlatforms) = postSolution
		{35ABB7D7-D838-467A-8F65-3C10A4448FCE}.Debug|Any CPU.ActiveCfg = Debug|Any CPU
		{35ABB7D7-D838-467A-8F65-3C10A4448FCE}.Debug|Any CPU.Build.0 = Debug|Any CPU
		{35ABB7D7-D838-467A-8F65-3C10A4448FCE}.Release|Any CPU.ActiveCfg = Release|Any CPU
		{35ABB7D7-D838-467A-8F65-3C10A4448FCE}.Release|Any CPU.Build.0 = Release|Any CPU
		{93A9EF1A-7B80-4BCE-B62F-B9AB573D4874}.Debug|Any CPU.ActiveCfg = Debug|Any CPU
		{93A9EF1A-7B80-4BCE-B62F-B9AB573D4874}.Debug|Any CPU.Build.0 = Debug|Any CPU
		{93A9EF1A-7B80-4BCE-B62F-B9AB573D4874}.Release|Any CPU.ActiveCfg = Release|Any CPU
		{93A9EF1A-7B80-4BCE-B62F-B9AB573D4874}.Release|Any CPU.Build.0 = Release|Any CPU
		{FFFAD032-0DEF-4C9A-A64E-46081F22CBC6}.Debug|Any CPU.ActiveCfg = Debug|Any CPU
		{FFFAD032-0DEF-4C9A-A64E-46081F22CBC6}.Debug|Any CPU.Build.0 = Debug|Any CPU
		{FFFAD032-0DEF-4C9A-A64E-46081F22CBC6}.Release|Any CPU.ActiveCfg = Release|Any CPU
		{FFFAD032-0DEF-4C9A-A64E-46081F22CBC6}.Release|Any CPU.Build.0 = Release|Any CPU
		{140C5276-26CE-4F8C-BA1D-D29B8B2BD223}.Debug|Any CPU.ActiveCfg = Debug|Any CPU
		{140C5276-26CE-4F8C-BA1D-D29B8B2BD223}.Debug|Any CPU.Build.0 = Debug|Any CPU
		{140C5276-26CE-4F8C-BA1D-D29B8B2BD223}.Release|Any CPU.ActiveCfg = Release|Any CPU
		{140C5276-26CE-4F8C-BA1D-D29B8B2BD223}.Release|Any CPU.Build.0 = Release|Any CPU
		{468341AB-D653-4B38-8F16-9B3A27AB95C8}.Debug|Any CPU.ActiveCfg = Debug|Any CPU
		{468341AB-D653-4B38-8F16-9B3A27AB95C8}.Debug|Any CPU.Build.0 = Debug|Any CPU
		{468341AB-D653-4B38-8F16-9B3A27AB95C8}.Release|Any CPU.ActiveCfg = Release|Any CPU
		{468341AB-D653-4B38-8F16-9B3A27AB95C8}.Release|Any CPU.Build.0 = Release|Any CPU
		{0AFB9C1D-94AE-4D34-9E79-5DC7F8D440B0}.Debug|Any CPU.ActiveCfg = Debug|Any CPU
		{0AFB9C1D-94AE-4D34-9E79-5DC7F8D440B0}.Debug|Any CPU.Build.0 = Debug|Any CPU
		{0AFB9C1D-94AE-4D34-9E79-5DC7F8D440B0}.Release|Any CPU.ActiveCfg = Release|Any CPU
		{0AFB9C1D-94AE-4D34-9E79-5DC7F8D440B0}.Release|Any CPU.Build.0 = Release|Any CPU
		{6F3DC6BC-9048-4DA1-B544-8CF4A28A1287}.Debug|Any CPU.ActiveCfg = Debug|Any CPU
		{6F3DC6BC-9048-4DA1-B544-8CF4A28A1287}.Debug|Any CPU.Build.0 = Debug|Any CPU
		{6F3DC6BC-9048-4DA1-B544-8CF4A28A1287}.Release|Any CPU.ActiveCfg = Release|Any CPU
		{6F3DC6BC-9048-4DA1-B544-8CF4A28A1287}.Release|Any CPU.Build.0 = Release|Any CPU
		{5090D9FE-5FDC-43CF-9589-ACFAF61CB0EC}.Debug|Any CPU.ActiveCfg = Debug|Any CPU
		{5090D9FE-5FDC-43CF-9589-ACFAF61CB0EC}.Debug|Any CPU.Build.0 = Debug|Any CPU
		{5090D9FE-5FDC-43CF-9589-ACFAF61CB0EC}.Release|Any CPU.ActiveCfg = Release|Any CPU
		{5090D9FE-5FDC-43CF-9589-ACFAF61CB0EC}.Release|Any CPU.Build.0 = Release|Any CPU
		{6D7A2123-F06B-4B93-A30C-14FC42FE484F}.Debug|Any CPU.ActiveCfg = Debug|Any CPU
		{6D7A2123-F06B-4B93-A30C-14FC42FE484F}.Debug|Any CPU.Build.0 = Debug|Any CPU
		{6D7A2123-F06B-4B93-A30C-14FC42FE484F}.Release|Any CPU.ActiveCfg = Release|Any CPU
		{6D7A2123-F06B-4B93-A30C-14FC42FE484F}.Release|Any CPU.Build.0 = Release|Any CPU
		{0CD7BEAA-7B5B-4FED-8C7F-A5F5F4BF6235}.Debug|Any CPU.ActiveCfg = Debug|Any CPU
		{0CD7BEAA-7B5B-4FED-8C7F-A5F5F4BF6235}.Debug|Any CPU.Build.0 = Debug|Any CPU
		{0CD7BEAA-7B5B-4FED-8C7F-A5F5F4BF6235}.Release|Any CPU.ActiveCfg = Release|Any CPU
		{0CD7BEAA-7B5B-4FED-8C7F-A5F5F4BF6235}.Release|Any CPU.Build.0 = Release|Any CPU
		{8F571A1A-4A8F-4092-B211-67A3FE80F3FA}.Debug|Any CPU.ActiveCfg = Debug|Any CPU
		{8F571A1A-4A8F-4092-B211-67A3FE80F3FA}.Debug|Any CPU.Build.0 = Debug|Any CPU
		{8F571A1A-4A8F-4092-B211-67A3FE80F3FA}.Release|Any CPU.ActiveCfg = Release|Any CPU
		{8F571A1A-4A8F-4092-B211-67A3FE80F3FA}.Release|Any CPU.Build.0 = Release|Any CPU
	EndGlobalSection
	GlobalSection(SolutionProperties) = preSolution
		HideSolutionNode = FALSE
	EndGlobalSection
	GlobalSection(NestedProjects) = preSolution
		{35ABB7D7-D838-467A-8F65-3C10A4448FCE} = {2CB911B5-FE96-492F-AFE1-9D701E26CEBC}
		{93A9EF1A-7B80-4BCE-B62F-B9AB573D4874} = {2CB911B5-FE96-492F-AFE1-9D701E26CEBC}
		{FFFAD032-0DEF-4C9A-A64E-46081F22CBC6} = {2CB911B5-FE96-492F-AFE1-9D701E26CEBC}
		{140C5276-26CE-4F8C-BA1D-D29B8B2BD223} = {2CB911B5-FE96-492F-AFE1-9D701E26CEBC}
		{468341AB-D653-4B38-8F16-9B3A27AB95C8} = {2CB911B5-FE96-492F-AFE1-9D701E26CEBC}
		{0AFB9C1D-94AE-4D34-9E79-5DC7F8D440B0} = {2CB911B5-FE96-492F-AFE1-9D701E26CEBC}
		{6F3DC6BC-9048-4DA1-B544-8CF4A28A1287} = {2CB911B5-FE96-492F-AFE1-9D701E26CEBC}
		{5090D9FE-5FDC-43CF-9589-ACFAF61CB0EC} = {2CB911B5-FE96-492F-AFE1-9D701E26CEBC}
		{6D7A2123-F06B-4B93-A30C-14FC42FE484F} = {2CB911B5-FE96-492F-AFE1-9D701E26CEBC}
		{0CD7BEAA-7B5B-4FED-8C7F-A5F5F4BF6235} = {2CB911B5-FE96-492F-AFE1-9D701E26CEBC}
		{8F571A1A-4A8F-4092-B211-67A3FE80F3FA} = {2CB911B5-FE96-492F-AFE1-9D701E26CEBC}
	EndGlobalSection
	GlobalSection(ExtensibilityGlobals) = postSolution
		SolutionGuid = {2536401C-F467-46D1-AFEE-9541C93745B1}
	EndGlobalSection
EndGlobal
