
Microsoft Visual Studio Solution File, Format Version 12.00
# Visual Studio Version 16
VisualStudioVersion = 16.0.30011.22
MinimumVisualStudioVersion = 10.0.40219.1
Project("{FAE04EC0-301F-11D3-BF4B-00C04F79EFBC}") = "IrisSkinApp", "IrisSkinApp\IrisSkinApp.csproj", "{2FEE50E4-42B9-4383-8016-7FA681B60C84}"
EndProject
Project("{FAE04EC0-301F-11D3-BF4B-00C04F79EFBC}") = "FormsSyncApp", "FormsSyncApp\FormsSyncApp.csproj", "{36BC1C88-E1CF-4BE4-AC8D-98C838390567}"
EndProject
Global
	GlobalSection(SolutionConfigurationPlatforms) = preSolution
		Debug|Any CPU = Debug|Any CPU
		Release|Any CPU = Release|Any CPU
	EndGlobalSection
	GlobalSection(ProjectConfigurationPlatforms) = postSolution
		{2FEE50E4-42B9-4383-8016-7FA681B60C84}.Debug|Any CPU.ActiveCfg = Debug|Any CPU
		{2FEE50E4-42B9-4383-8016-7FA681B60C84}.Debug|Any CPU.Build.0 = Debug|Any CPU
		{2FEE50E4-42B9-4383-8016-7FA681B60C84}.Release|Any CPU.ActiveCfg = Release|Any CPU
		{2FEE50E4-42B9-4383-8016-7FA681B60C84}.Release|Any CPU.Build.0 = Release|Any CPU
		{36BC1C88-E1CF-4BE4-AC8D-98C838390567}.Debug|Any CPU.ActiveCfg = Debug|Any CPU
		{36BC1C88-E1CF-4BE4-AC8D-98C838390567}.Debug|Any CPU.Build.0 = Debug|Any CPU
		{36BC1C88-E1CF-4BE4-AC8D-98C838390567}.Release|Any CPU.ActiveCfg = Release|Any CPU
		{36BC1C88-E1CF-4BE4-AC8D-98C838390567}.Release|Any CPU.Build.0 = Release|Any CPU
	EndGlobalSection
	GlobalSection(SolutionProperties) = preSolution
		HideSolutionNode = FALSE
	EndGlobalSection
	GlobalSection(ExtensibilityGlobals) = postSolution
		SolutionGuid = {57E8774F-6B0B-4822-A1AB-FEE3BA80038B}
	EndGlobalSection
EndGlobal
