
Microsoft Visual Studio Solution File, Format Version 12.00
# Visual Studio Version 16
VisualStudioVersion = 16.0.30011.22
MinimumVisualStudioVersion = 10.0.40219.1
Project("{FAE04EC0-301F-11D3-BF4B-00C04F79EFBC}") = "0013_SingleCommentate", "chapter02\0013_SingleCommentate\0013_SingleCommentate.csproj", "{4F345135-45D2-4622-ACCF-2BC35A9C0009}"
EndProject
Project("{FAE04EC0-301F-11D3-BF4B-00C04F79EFBC}") = "0014_ManyCommentate", "chapter02\0014_ManyCommentate\0014_ManyCommentate.csproj", "{F87075E6-796D-4EE1-93F5-ADC15D5BC647}"
EndProject
Project("{FAE04EC0-301F-11D3-BF4B-00C04F79EFBC}") = "0015_CodeCommentate", "chapter02\0015_CodeCommentate\0015_CodeCommentate.csproj", "{9EFF0D6B-A2BD-4399-9544-58C288D33D88}"
EndProject
Project("{FAE04EC0-301F-11D3-BF4B-00C04F79EFBC}") = "0016_GetString", "chapter02\0016_GetString\0016_GetString.csproj", "{A3931D73-2DF6-479A-9FAC-E5F2D57DFB93}"
EndProject
Project("{FAE04EC0-301F-11D3-BF4B-00C04F79EFBC}") = "0017_Calculator", "chapter02\0017_Calculator\0017_Calculator.csproj", "{1435983A-297D-4A9B-973C-495691F903B6}"
EndProject
Project("{FAE04EC0-301F-11D3-BF4B-00C04F79EFBC}") = "0018_Encrypt", "chapter02\0018_Encrypt\0018_Encrypt.csproj", "{4F4D47D1-66E5-40D6-92B4-3BD5F12268BF}"
EndProject
Project("{FAE04EC0-301F-11D3-BF4B-00C04F79EFBC}") = "0019_GetCode", "chapter02\0019_GetCode\0019_GetCode.csproj", "{A9B8EDEC-702D-4ADD-A3E6-8A8169AB091E}"
EndProject
Project("{FAE04EC0-301F-11D3-BF4B-00C04F79EFBC}") = "0020_GetYear", "chapter02\0020_GetYear\0020_GetYear.csproj", "{D9B5D592-D609-4B5A-8805-BB291F561C5A}"
EndProject
Project("{FAE04EC0-301F-11D3-BF4B-00C04F79EFBC}") = "0021_IfThenElse", "chapter02\0021_IfThenElse\0021_IfThenElse.csproj", "{B911AA3A-8802-4129-9A12-4207EFB68B95}"
EndProject
Project("{2150E333-8FDC-42A3-9474-1A3956D46DE8}") = "chapter02", "chapter02", "{3D5E1A23-024C-4565-9BC1-F24E585A127B}"
EndProject
Project("{2150E333-8FDC-42A3-9474-1A3956D46DE8}") = "Solution Items", "Solution Items", "{D4385DE1-258E-43F1-91DD-919BEE018473}"
	ProjectSection(SolutionItems) = preProject
		contents.txt = contents.txt
	EndProjectSection
EndProject
Global
	GlobalSection(SolutionConfigurationPlatforms) = preSolution
		Debug|Any CPU = Debug|Any CPU
		Release|Any CPU = Release|Any CPU
	EndGlobalSection
	GlobalSection(ProjectConfigurationPlatforms) = postSolution
		{4F345135-45D2-4622-ACCF-2BC35A9C0009}.Debug|Any CPU.ActiveCfg = Debug|Any CPU
		{4F345135-45D2-4622-ACCF-2BC35A9C0009}.Debug|Any CPU.Build.0 = Debug|Any CPU
		{4F345135-45D2-4622-ACCF-2BC35A9C0009}.Release|Any CPU.ActiveCfg = Release|Any CPU
		{4F345135-45D2-4622-ACCF-2BC35A9C0009}.Release|Any CPU.Build.0 = Release|Any CPU
		{F87075E6-796D-4EE1-93F5-ADC15D5BC647}.Debug|Any CPU.ActiveCfg = Debug|Any CPU
		{F87075E6-796D-4EE1-93F5-ADC15D5BC647}.Debug|Any CPU.Build.0 = Debug|Any CPU
		{F87075E6-796D-4EE1-93F5-ADC15D5BC647}.Release|Any CPU.ActiveCfg = Release|Any CPU
		{F87075E6-796D-4EE1-93F5-ADC15D5BC647}.Release|Any CPU.Build.0 = Release|Any CPU
		{9EFF0D6B-A2BD-4399-9544-58C288D33D88}.Debug|Any CPU.ActiveCfg = Debug|Any CPU
		{9EFF0D6B-A2BD-4399-9544-58C288D33D88}.Debug|Any CPU.Build.0 = Debug|Any CPU
		{9EFF0D6B-A2BD-4399-9544-58C288D33D88}.Release|Any CPU.ActiveCfg = Release|Any CPU
		{9EFF0D6B-A2BD-4399-9544-58C288D33D88}.Release|Any CPU.Build.0 = Release|Any CPU
		{A3931D73-2DF6-479A-9FAC-E5F2D57DFB93}.Debug|Any CPU.ActiveCfg = Debug|Any CPU
		{A3931D73-2DF6-479A-9FAC-E5F2D57DFB93}.Debug|Any CPU.Build.0 = Debug|Any CPU
		{A3931D73-2DF6-479A-9FAC-E5F2D57DFB93}.Release|Any CPU.ActiveCfg = Release|Any CPU
		{A3931D73-2DF6-479A-9FAC-E5F2D57DFB93}.Release|Any CPU.Build.0 = Release|Any CPU
		{1435983A-297D-4A9B-973C-495691F903B6}.Debug|Any CPU.ActiveCfg = Debug|Any CPU
		{1435983A-297D-4A9B-973C-495691F903B6}.Debug|Any CPU.Build.0 = Debug|Any CPU
		{1435983A-297D-4A9B-973C-495691F903B6}.Release|Any CPU.ActiveCfg = Release|Any CPU
		{1435983A-297D-4A9B-973C-495691F903B6}.Release|Any CPU.Build.0 = Release|Any CPU
		{4F4D47D1-66E5-40D6-92B4-3BD5F12268BF}.Debug|Any CPU.ActiveCfg = Debug|Any CPU
		{4F4D47D1-66E5-40D6-92B4-3BD5F12268BF}.Debug|Any CPU.Build.0 = Debug|Any CPU
		{4F4D47D1-66E5-40D6-92B4-3BD5F12268BF}.Release|Any CPU.ActiveCfg = Release|Any CPU
		{4F4D47D1-66E5-40D6-92B4-3BD5F12268BF}.Release|Any CPU.Build.0 = Release|Any CPU
		{A9B8EDEC-702D-4ADD-A3E6-8A8169AB091E}.Debug|Any CPU.ActiveCfg = Debug|Any CPU
		{A9B8EDEC-702D-4ADD-A3E6-8A8169AB091E}.Debug|Any CPU.Build.0 = Debug|Any CPU
		{A9B8EDEC-702D-4ADD-A3E6-8A8169AB091E}.Release|Any CPU.ActiveCfg = Release|Any CPU
		{A9B8EDEC-702D-4ADD-A3E6-8A8169AB091E}.Release|Any CPU.Build.0 = Release|Any CPU
		{D9B5D592-D609-4B5A-8805-BB291F561C5A}.Debug|Any CPU.ActiveCfg = Debug|Any CPU
		{D9B5D592-D609-4B5A-8805-BB291F561C5A}.Debug|Any CPU.Build.0 = Debug|Any CPU
		{D9B5D592-D609-4B5A-8805-BB291F561C5A}.Release|Any CPU.ActiveCfg = Release|Any CPU
		{D9B5D592-D609-4B5A-8805-BB291F561C5A}.Release|Any CPU.Build.0 = Release|Any CPU
		{B911AA3A-8802-4129-9A12-4207EFB68B95}.Debug|Any CPU.ActiveCfg = Debug|Any CPU
		{B911AA3A-8802-4129-9A12-4207EFB68B95}.Debug|Any CPU.Build.0 = Debug|Any CPU
		{B911AA3A-8802-4129-9A12-4207EFB68B95}.Release|Any CPU.ActiveCfg = Release|Any CPU
		{B911AA3A-8802-4129-9A12-4207EFB68B95}.Release|Any CPU.Build.0 = Release|Any CPU
	EndGlobalSection
	GlobalSection(SolutionProperties) = preSolution
		HideSolutionNode = FALSE
	EndGlobalSection
	GlobalSection(NestedProjects) = preSolution
		{4F345135-45D2-4622-ACCF-2BC35A9C0009} = {3D5E1A23-024C-4565-9BC1-F24E585A127B}
		{F87075E6-796D-4EE1-93F5-ADC15D5BC647} = {3D5E1A23-024C-4565-9BC1-F24E585A127B}
		{9EFF0D6B-A2BD-4399-9544-58C288D33D88} = {3D5E1A23-024C-4565-9BC1-F24E585A127B}
		{A3931D73-2DF6-479A-9FAC-E5F2D57DFB93} = {3D5E1A23-024C-4565-9BC1-F24E585A127B}
		{1435983A-297D-4A9B-973C-495691F903B6} = {3D5E1A23-024C-4565-9BC1-F24E585A127B}
		{4F4D47D1-66E5-40D6-92B4-3BD5F12268BF} = {3D5E1A23-024C-4565-9BC1-F24E585A127B}
		{A9B8EDEC-702D-4ADD-A3E6-8A8169AB091E} = {3D5E1A23-024C-4565-9BC1-F24E585A127B}
		{D9B5D592-D609-4B5A-8805-BB291F561C5A} = {3D5E1A23-024C-4565-9BC1-F24E585A127B}
		{B911AA3A-8802-4129-9A12-4207EFB68B95} = {3D5E1A23-024C-4565-9BC1-F24E585A127B}
	EndGlobalSection
	GlobalSection(ExtensibilityGlobals) = postSolution
		SolutionGuid = {6CEE4B8A-8E9E-4D20-9B02-59E7A15EDB3F}
	EndGlobalSection
EndGlobal
