
Microsoft Visual Studio Solution File, Format Version 12.00
# Visual Studio Version 16
VisualStudioVersion = 16.0.30011.22
MinimumVisualStudioVersion = 10.0.40219.1
Project("{FAE04EC0-301F-11D3-BF4B-00C04F79EFBC}") = "0013_SingleCommentate", "Book1\chapter02\0013_SingleCommentate\0013_SingleCommentate.csproj", "{4F345135-45D2-4622-ACCF-2BC35A9C0009}"
EndProject
Project("{FAE04EC0-301F-11D3-BF4B-00C04F79EFBC}") = "0014_ManyCommentate", "Book1\chapter02\0014_ManyCommentate\0014_ManyCommentate.csproj", "{F87075E6-796D-4EE1-93F5-ADC15D5BC647}"
EndProject
Project("{FAE04EC0-301F-11D3-BF4B-00C04F79EFBC}") = "0015_CodeCommentate", "Book1\chapter02\0015_CodeCommentate\0015_CodeCommentate.csproj", "{9EFF0D6B-A2BD-4399-9544-58C288D33D88}"
EndProject
Project("{FAE04EC0-301F-11D3-BF4B-00C04F79EFBC}") = "0016_GetString", "Book1\chapter02\0016_GetString\0016_GetString.csproj", "{A3931D73-2DF6-479A-9FAC-E5F2D57DFB93}"
EndProject
Project("{FAE04EC0-301F-11D3-BF4B-00C04F79EFBC}") = "0017_Calculator", "Book1\chapter02\0017_Calculator\0017_Calculator.csproj", "{1435983A-297D-4A9B-973C-495691F903B6}"
EndProject
Project("{FAE04EC0-301F-11D3-BF4B-00C04F79EFBC}") = "0018_Encrypt", "Book1\chapter02\0018_Encrypt\0018_Encrypt.csproj", "{4F4D47D1-66E5-40D6-92B4-3BD5F12268BF}"
EndProject
Project("{FAE04EC0-301F-11D3-BF4B-00C04F79EFBC}") = "0019_GetCode", "Book1\chapter02\0019_GetCode\0019_GetCode.csproj", "{A9B8EDEC-702D-4ADD-A3E6-8A8169AB091E}"
EndProject
Project("{FAE04EC0-301F-11D3-BF4B-00C04F79EFBC}") = "0020_GetYear", "Book1\chapter02\0020_GetYear\0020_GetYear.csproj", "{D9B5D592-D609-4B5A-8805-BB291F561C5A}"
EndProject
Project("{FAE04EC0-301F-11D3-BF4B-00C04F79EFBC}") = "0021_IfThenElse", "Book1\chapter02\0021_IfThenElse\0021_IfThenElse.csproj", "{B911AA3A-8802-4129-9A12-4207EFB68B95}"
EndProject
Project("{2150E333-8FDC-42A3-9474-1A3956D46DE8}") = "chapter02", "chapter02", "{3D5E1A23-024C-4565-9BC1-F24E585A127B}"
EndProject
Project("{2150E333-8FDC-42A3-9474-1A3956D46DE8}") = "Solution Items", "Solution Items", "{D4385DE1-258E-43F1-91DD-919BEE018473}"
	ProjectSection(SolutionItems) = preProject
		Book1Contents.txt = Book1Contents.txt
		Book2Contents.txt = Book2Contents.txt
	EndProjectSection
EndProject
Project("{2150E333-8FDC-42A3-9474-1A3956D46DE8}") = "chapter03", "chapter03", "{8C806A2B-7D36-42FE-8495-EA810C19241F}"
EndProject
Project("{FAE04EC0-301F-11D3-BF4B-00C04F79EFBC}") = "0035_ToUpperOrLower", "Book1\chapter03\0035_ToUpperOrLower\0035_ToUpperOrLower.csproj", "{67B349A2-3C7C-4FAA-B6BD-46E99540EAF5}"
EndProject
Project("{FAE04EC0-301F-11D3-BF4B-00C04F79EFBC}") = "0036_ASCII", "Book1\chapter03\0036_ASCII\0036_ASCII.csproj", "{C896D9C2-88F9-4C7F-B4CA-5E0E980F6EF0}"
EndProject
Project("{FAE04EC0-301F-11D3-BF4B-00C04F79EFBC}") = "0037_ChineseCode", "Book1\chapter03\0037_ChineseCode\0037_ChineseCode.csproj", "{683C5FE1-B33E-4E55-AE21-6FB6156FA41D}"
EndProject
Project("{FAE04EC0-301F-11D3-BF4B-00C04F79EFBC}") = "0038_ChineseToABC", "Book1\chapter03\0038_ChineseToABC\0038_ChineseToABC.csproj", "{2343DD4C-A1EA-4B05-BCCB-24C84A35A875}"
EndProject
Project("{FAE04EC0-301F-11D3-BF4B-00C04F79EFBC}") = "0039_Lines", "Book1\chapter03\0039_Lines\0039_Lines.csproj", "{6044F0AB-1716-4241-AE0A-227591831102}"
EndProject
Project("{FAE04EC0-301F-11D3-BF4B-00C04F79EFBC}") = "0040_UserName", "Book1\chapter03\0040_UserName\0040_UserName.csproj", "{D5BC4163-1B02-464A-AA46-EF02EA288B17}"
EndProject
Project("{FAE04EC0-301F-11D3-BF4B-00C04F79EFBC}") = "0041_ReverseStr", "Book1\chapter03\0041_ReverseStr\0041_ReverseStr.csproj", "{C9417B0D-F5E9-4393-875F-2FBDB4BC2C31}"
EndProject
Project("{FAE04EC0-301F-11D3-BF4B-00C04F79EFBC}") = "0042_RemoveBlank", "Book1\chapter03\0042_RemoveBlank\0042_RemoveBlank.csproj", "{FD945D07-ED7C-4D01-9126-6ED0476E2B7B}"
EndProject
Project("{FAE04EC0-301F-11D3-BF4B-00C04F79EFBC}") = "0043_FilePathString", "Book1\chapter03\0043_FilePathString\0043_FilePathString.csproj", "{35765E64-F9CF-4AAD-8C10-D94AE1BDD0E6}"
EndProject
Project("{FAE04EC0-301F-11D3-BF4B-00C04F79EFBC}") = "0044_GetCount", "Book1\chapter03\0044_GetCount\0044_GetCount.csproj", "{A48B7519-8863-439C-B9F2-28F009329DBE}"
EndProject
Project("{FAE04EC0-301F-11D3-BF4B-00C04F79EFBC}") = "0045_ReplaceString", "Book1\chapter03\0045_ReplaceString\0045_ReplaceString.csproj", "{AA9A13CC-3400-42F7-9389-0E2A7EDBD303}"
EndProject
Project("{FAE04EC0-301F-11D3-BF4B-00C04F79EFBC}") = "0046_StringEncrypt", "Book1\chapter03\0046_StringEncrypt\0046_StringEncrypt.csproj", "{02E9B0D7-6A03-44EF-86D5-53AD17D33728}"
EndProject
Project("{FAE04EC0-301F-11D3-BF4B-00C04F79EFBC}") = "0047_TryNum", "Book1\chapter03\0047_TryNum\0047_TryNum.csproj", "{C2D1D567-BB78-4E42-87F0-F66AFE5D5277}"
EndProject
Project("{FAE04EC0-301F-11D3-BF4B-00C04F79EFBC}") = "0048_Round", "Book1\chapter03\0048_Round\0048_Round.csproj", "{416F3300-1D7C-4C6C-8799-088BA57BD9DE}"
EndProject
Project("{FAE04EC0-301F-11D3-BF4B-00C04F79EFBC}") = "0049_Transform", "Book1\chapter03\0049_Transform\0049_Transform.csproj", "{D9CFB24A-9698-4164-BD3B-5527525464CF}"
EndProject
Project("{FAE04EC0-301F-11D3-BF4B-00C04F79EFBC}") = "0050_SetValue", "Book1\chapter03\0050_SetValue\0050_SetValue.csproj", "{9C429582-3D0E-46E3-B5D3-F6CD3DC4D768}"
EndProject
Project("{FAE04EC0-301F-11D3-BF4B-00C04F79EFBC}") = "0051_Format", "Book1\chapter03\0051_Format\0051_Format.csproj", "{B05612D9-E853-4FAD-8590-FBC69FEA9DC5}"
EndProject
Project("{FAE04EC0-301F-11D3-BF4B-00C04F79EFBC}") = "0052_Conversion", "Book1\chapter03\0052_Conversion\0052_Conversion.csproj", "{E913A889-BDCF-4A4C-BE48-ED7BC7B9AFAE}"
EndProject
Project("{FAE04EC0-301F-11D3-BF4B-00C04F79EFBC}") = "0053_GetTime", "Book1\chapter03\0053_GetTime\0053_GetTime.csproj", "{853BC93A-1CE5-42AC-90A2-4AF74ADB8274}"
EndProject
Project("{FAE04EC0-301F-11D3-BF4B-00C04F79EFBC}") = "0054_SetDate", "Book1\chapter03\0054_SetDate\0054_SetDate.csproj", "{E11BC254-502C-49E0-8DD7-9EF66290110F}"
EndProject
Project("{FAE04EC0-301F-11D3-BF4B-00C04F79EFBC}") = "0055_GetAge", "Book1\chapter03\0055_GetAge\0055_GetAge.csproj", "{BE68A62F-1269-4EFA-846A-B18B29FCEB1C}"
EndProject
Project("{FAE04EC0-301F-11D3-BF4B-00C04F79EFBC}") = "0056_GetShengXiao", "Book1\chapter03\0056_GetShengXiao\0056_GetShengXiao.csproj", "{24BF89A2-7202-4FC5-A3D1-CA16FA9BB3E2}"
EndProject
Project("{FAE04EC0-301F-11D3-BF4B-00C04F79EFBC}") = "0057_GetWeek", "Book1\chapter03\0057_GetWeek\0057_GetWeek.csproj", "{560EADB5-EECD-4B44-8BC0-543C7484FF24}"
EndProject
Project("{FAE04EC0-301F-11D3-BF4B-00C04F79EFBC}") = "0058_GetDays", "Book1\chapter03\0058_GetDays\0058_GetDays.csproj", "{DB175A23-7FBA-444E-9400-1F9B721A279C}"
EndProject
Project("{FAE04EC0-301F-11D3-BF4B-00C04F79EFBC}") = "0059_DaysInMonth", "Book1\chapter03\0059_DaysInMonth\0059_DaysInMonth.csproj", "{9B5C6086-FDE3-4852-BCAA-19DE848FB373}"
EndProject
Project("{FAE04EC0-301F-11D3-BF4B-00C04F79EFBC}") = "0060_GetYesterDay", "Book1\chapter03\0060_GetYesterDay\0060_GetYesterDay.csproj", "{9A48D0E5-099E-4EB4-B212-7919F6B16FE6}"
EndProject
Project("{FAE04EC0-301F-11D3-BF4B-00C04F79EFBC}") = "0061_TmrFormat", "Book1\chapter03\0061_TmrFormat\0061_TmrFormat.csproj", "{ABAEAB23-D3AA-45B5-BB26-29A0C4380395}"
EndProject
Project("{FAE04EC0-301F-11D3-BF4B-00C04F79EFBC}") = "0062_GetDateDiff", "Book1\chapter03\0062_GetDateDiff\0062_GetDateDiff.csproj", "{D5E83ED2-E861-4E01-80EC-8C8B6F058DB9}"
EndProject
Project("{FAE04EC0-301F-11D3-BF4B-00C04F79EFBC}") = "0063_AddDate", "Book1\chapter03\0063_AddDate\0063_AddDate.csproj", "{5332BF58-EEF0-4520-A476-2D6904FBB84F}"
EndProject
Project("{FAE04EC0-301F-11D3-BF4B-00C04F79EFBC}") = "0064_GetInterval", "Book1\chapter03\0064_GetInterval\0064_GetInterval.csproj", "{668B2335-FBB0-4E31-A87E-C223DC572446}"
EndProject
Project("{FAE04EC0-301F-11D3-BF4B-00C04F79EFBC}") = "0065_UseSleep", "Book1\chapter03\0065_UseSleep\0065_UseSleep.csproj", "{0314DE45-133B-4821-A1C1-58EDA3AB95E5}"
EndProject
Project("{FAE04EC0-301F-11D3-BF4B-00C04F79EFBC}") = "0066_DisplayRunTime", "Book1\chapter03\0066_DisplayRunTime\0066_DisplayRunTime.csproj", "{4B57AA72-107F-4B6D-BA86-0CCD1B569CE1}"
EndProject
Project("{FAE04EC0-301F-11D3-BF4B-00C04F79EFBC}") = "0067_ConvertToString", "Book1\chapter03\0067_ConvertToString\0067_ConvertToString.csproj", "{1D2E449D-D1C1-45D9-83C2-EA95D21330C1}"
EndProject
Project("{FAE04EC0-301F-11D3-BF4B-00C04F79EFBC}") = "0068_ToStringFormat", "Book1\chapter03\0068_ToStringFormat\0068_ToStringFormat.csproj", "{975696A2-39DD-469B-8ECD-180040BBFCDC}"
EndProject
Project("{FAE04EC0-301F-11D3-BF4B-00C04F79EFBC}") = "0069_ConvertToString", "Book1\chapter03\0069_ConvertToString\0069_ConvertToString.csproj", "{D1235E49-AB2B-4B8B-AD14-A72B3E38E5ED}"
EndProject
Project("{FAE04EC0-301F-11D3-BF4B-00C04F79EFBC}") = "0070_ValidatePhone", "Book1\chapter03\0070_ValidatePhone\0070_ValidatePhone.csproj", "{8B91885F-E322-4203-8B08-815FFE14BB6F}"
EndProject
Project("{FAE04EC0-301F-11D3-BF4B-00C04F79EFBC}") = "0071_ValidatePassWord", "Book1\chapter03\0071_ValidatePassWord\0071_ValidatePassWord.csproj", "{7BE9960B-DEF8-4DEA-B2B7-358ED45A4B9F}"
EndProject
Project("{FAE04EC0-301F-11D3-BF4B-00C04F79EFBC}") = "0072_ValidateCode", "Book1\chapter03\0072_ValidateCode\0072_ValidateCode.csproj", "{5839B01C-2755-4DDB-AE0A-22ADBA0C1037}"
EndProject
Project("{FAE04EC0-301F-11D3-BF4B-00C04F79EFBC}") = "0073_MobileValidate", "Book1\chapter03\0073_MobileValidate\0073_MobileValidate.csproj", "{5F7A4DC7-5744-459F-85A2-6E6993F3614E}"
EndProject
Project("{FAE04EC0-301F-11D3-BF4B-00C04F79EFBC}") = "0074_ValidatePerson", "Book1\chapter03\0074_ValidatePerson\0074_ValidatePerson.csproj", "{64ECA72E-BD28-4DB1-BC4E-32DC2EBCB887}"
EndProject
Project("{FAE04EC0-301F-11D3-BF4B-00C04F79EFBC}") = "0075_ValidateDecimal", "Book1\chapter03\0075_ValidateDecimal\0075_ValidateDecimal.csproj", "{F6625E77-CBFB-485B-B3B6-D46ADC14C022}"
EndProject
Project("{FAE04EC0-301F-11D3-BF4B-00C04F79EFBC}") = "0076_ValidateMonth", "Book1\chapter03\0076_ValidateMonth\0076_ValidateMonth.csproj", "{33EED5AB-4E6F-47DA-B273-BC93A92B7DFB}"
EndProject
Project("{FAE04EC0-301F-11D3-BF4B-00C04F79EFBC}") = "0077_ValidateDay", "Book1\chapter03\0077_ValidateDay\0077_ValidateDay.csproj", "{DB546555-BDD5-46F4-9766-25BEE5B62633}"
EndProject
Project("{FAE04EC0-301F-11D3-BF4B-00C04F79EFBC}") = "0078_ValidateValue", "Book1\chapter03\0078_ValidateValue\0078_ValidateValue.csproj", "{CEFA8046-F3F5-4AF6-B9AA-661866C1722E}"
EndProject
Project("{FAE04EC0-301F-11D3-BF4B-00C04F79EFBC}") = "0079_ValidateLength", "Book1\chapter03\0079_ValidateLength\0079_ValidateLength.csproj", "{80719FAF-1AE2-4099-9132-95D0AB0CEE2C}"
EndProject
Project("{FAE04EC0-301F-11D3-BF4B-00C04F79EFBC}") = "0080_ValidateInteger", "Book1\chapter03\0080_ValidateInteger\0080_ValidateInteger.csproj", "{5054856E-B5DE-4FBE-B861-9E7D2CA4826B}"
EndProject
Project("{FAE04EC0-301F-11D3-BF4B-00C04F79EFBC}") = "0081_ValidateInteger", "Book1\chapter03\0081_ValidateInteger\0081_ValidateInteger.csproj", "{AFE230AD-7FA7-484B-BB53-724515B8D14A}"
EndProject
Project("{FAE04EC0-301F-11D3-BF4B-00C04F79EFBC}") = "0082_ValidateCapitalLetter", "Book1\chapter03\0082_ValidateCapitalLetter\0082_ValidateCapitalLetter.csproj", "{C9021681-1BE5-43A2-A407-DC7631120C51}"
EndProject
Project("{FAE04EC0-301F-11D3-BF4B-00C04F79EFBC}") = "0083_ValidateSmallLetter", "Book1\chapter03\0083_ValidateSmallLetter\0083_ValidateSmallLetter.csproj", "{93A86182-9E2B-4C51-B576-6AAC3C2C2241}"
EndProject
Project("{FAE04EC0-301F-11D3-BF4B-00C04F79EFBC}") = "0084_ValidateWord", "Book1\chapter03\0084_ValidateWord\0084_ValidateWord.csproj", "{103E789D-F2B0-4AF2-AFB1-E0294DC8A2E1}"
EndProject
Project("{FAE04EC0-301F-11D3-BF4B-00C04F79EFBC}") = "0085_ReplaceStr", "Book1\chapter03\0085_ReplaceStr\0085_ReplaceStr.csproj", "{213429B4-8795-45E9-BAF9-E6159E81B9CD}"
EndProject
Project("{FAE04EC0-301F-11D3-BF4B-00C04F79EFBC}") = "0086_ValidateSplit", "Book1\chapter03\0086_ValidateSplit\0086_ValidateSplit.csproj", "{1A9B3D42-6DC8-4E45-873F-EEDE3B7015C3}"
EndProject
Project("{FAE04EC0-301F-11D3-BF4B-00C04F79EFBC}") = "0087_IsLetter", "Book1\chapter03\0087_IsLetter\0087_IsLetter.csproj", "{D81CB7DA-5FCF-4C89-8378-313ACFD24F3E}"
EndProject
Project("{FAE04EC0-301F-11D3-BF4B-00C04F79EFBC}") = "0088_IsChinese", "Book1\chapter03\0088_IsChinese\0088_IsChinese.csproj", "{20564F80-2BA9-4385-8337-9BD818147149}"
EndProject
Project("{FAE04EC0-301F-11D3-BF4B-00C04F79EFBC}") = "0089_LetterCount", "Book1\chapter03\0089_LetterCount\0089_LetterCount.csproj", "{F297535F-8585-4F5E-9C5A-051113BB21EE}"
EndProject
Project("{FAE04EC0-301F-11D3-BF4B-00C04F79EFBC}") = "0090_ValidateEmail", "Book1\chapter03\0090_ValidateEmail\0090_ValidateEmail.csproj", "{BF518153-2940-4FBC-8ABE-4783BAF4F108}"
EndProject
Project("{FAE04EC0-301F-11D3-BF4B-00C04F79EFBC}") = "0091_ValidateIP", "Book1\chapter03\0091_ValidateIP\0091_ValidateIP.csproj", "{A49D7687-343D-4D6F-BDE9-88104104E68C}"
EndProject
Project("{FAE04EC0-301F-11D3-BF4B-00C04F79EFBC}") = "0092_ValidateURL", "Book1\chapter03\0092_ValidateURL\0092_ValidateURL.csproj", "{173E256F-5734-432D-87F3-08196D3E092D}"
EndProject
Project("{2150E333-8FDC-42A3-9474-1A3956D46DE8}") = "chapter04", "chapter04", "{14688555-402B-4B35-B5E3-744776AE1B8A}"
EndProject
Project("{FAE04EC0-301F-11D3-BF4B-00C04F79EFBC}") = "0093_ArrayRank", "Book1\chapter04\0093_ArrayRank\0093_ArrayRank.csproj", "{6F51C3C3-52E9-4138-8D0E-1D69BC4EE775}"
EndProject
Project("{FAE04EC0-301F-11D3-BF4B-00C04F79EFBC}") = "0094_FindStr", "Book1\chapter04\0094_FindStr\0094_FindStr.csproj", "{F373CAD9-F3D2-42B5-9A17-C40069334AAA}"
EndProject
Project("{FAE04EC0-301F-11D3-BF4B-00C04F79EFBC}") = "0095_AddElementInArray", "Book1\chapter04\0095_AddElementInArray\0095_AddElementInArray.csproj", "{674C0E5A-BBB4-4CD0-9429-AF41E1A6DC01}"
EndProject
Project("{FAE04EC0-301F-11D3-BF4B-00C04F79EFBC}") = "0096_AddArrayInArray", "Book1\chapter04\0096_AddArrayInArray\0096_AddArrayInArray.csproj", "{4CB71FB0-C794-492A-9013-D12C4523066B}"
EndProject
Project("{FAE04EC0-301F-11D3-BF4B-00C04F79EFBC}") = "0097_DelArrayNoLength", "Book1\chapter04\0097_DelArrayNoLength\0097_DelArrayNoLength.csproj", "{7F6EC2D8-E804-4640-B04A-20BB2EBB5958}"
EndProject
Project("{FAE04EC0-301F-11D3-BF4B-00C04F79EFBC}") = "0098_DelArrayYesLength", "Book1\chapter04\0098_DelArrayYesLength\0098_DelArrayYesLength.csproj", "{14ECCF38-64F4-4DB9-9081-AA0B4D08BF68}"
EndProject
Project("{FAE04EC0-301F-11D3-BF4B-00C04F79EFBC}") = "0099_SelectSort", "Book1\chapter04\0099_SelectSort\0099_SelectSort.csproj", "{5DD7EFED-311E-4B95-8C39-342A337FA798}"
EndProject
Project("{FAE04EC0-301F-11D3-BF4B-00C04F79EFBC}") = "0100_BubbleUpSort", "Book1\chapter04\0100_BubbleUpSort\0100_BubbleUpSort.csproj", "{1B4CEE4A-E0F6-4EC3-A4F2-16C6590926DC}"
EndProject
Project("{FAE04EC0-301F-11D3-BF4B-00C04F79EFBC}") = "0101_FastSort", "Book1\chapter04\0101_FastSort\0101_FastSort.csproj", "{0B0C2C4D-B3B7-48FB-9AB6-2E7372A5A463}"
EndProject
Project("{FAE04EC0-301F-11D3-BF4B-00C04F79EFBC}") = "0102_InsertSort", "Book1\chapter04\0102_InsertSort\0102_InsertSort.csproj", "{64F00E47-8F32-4C99-BAB8-1AB8BA9D5189}"
EndProject
Project("{FAE04EC0-301F-11D3-BF4B-00C04F79EFBC}") = "0103_XESort", "Book1\chapter04\0103_XESort\0103_XESort.csproj", "{190FE141-EDAC-436C-9BF6-746D260B46DC}"
EndProject
Project("{FAE04EC0-301F-11D3-BF4B-00C04F79EFBC}") = "0104_SortArray", "Book1\chapter04\0104_SortArray\0104_SortArray.csproj", "{EB95A2D4-F2ED-4114-9FDB-99EF6B115DFD}"
EndProject
Project("{FAE04EC0-301F-11D3-BF4B-00C04F79EFBC}") = "0105_Reverse", "Book1\chapter04\0105_Reverse\0105_Reverse.csproj", "{165D8264-DCB6-41DB-AB10-114AA204CFEC}"
EndProject
Project("{FAE04EC0-301F-11D3-BF4B-00C04F79EFBC}") = "0106_AddStudentINList", "Book1\chapter04\0106_AddStudentINList\0106_AddStudentINList.csproj", "{2D213DB9-0447-44CB-B2A3-E9EF3B0FE247}"
EndProject
Project("{FAE04EC0-301F-11D3-BF4B-00C04F79EFBC}") = "0107_SelectXMLByHasTable", "Book1\chapter04\0107_SelectXMLByHasTable\0107_SelectXMLByHasTable.csproj", "{059498C5-08FB-4B29-A1E8-2987408970E2}"
EndProject
Project("{FAE04EC0-301F-11D3-BF4B-00C04F79EFBC}") = "0108_CalcRMatrix", "Book1\chapter04\0108_CalcRMatrix\0108_CalcRMatrix.csproj", "{35473D7E-BBE1-4345-9AEA-0821A08B72D6}"
EndProject
Project("{2150E333-8FDC-42A3-9474-1A3956D46DE8}") = "chapter05", "chapter05", "{6E79D378-6727-4A9A-B9A3-25E7E4E01236}"
EndProject
Project("{FAE04EC0-301F-11D3-BF4B-00C04F79EFBC}") = "0109_StoreIDAndName", "Book1\chapter05\0109_StoreIDAndName\0109_StoreIDAndName.csproj", "{1EF3155F-034C-40AD-B3FE-27D1F485BF6C}"
EndProject
Project("{FAE04EC0-301F-11D3-BF4B-00C04F79EFBC}") = "0110_SquareByMethod", "Book1\chapter05\0110_SquareByMethod\0110_SquareByMethod.csproj", "{3FD0D8A0-2934-4EF3-917D-CEFF7C85340C}"
EndProject
Project("{FAE04EC0-301F-11D3-BF4B-00C04F79EFBC}") = "0111_TypesCalc", "Book1\chapter05\0111_TypesCalc\0111_TypesCalc.csproj", "{D34A199C-15C6-4267-AAC4-CAD3008E6833}"
EndProject
Project("{FAE04EC0-301F-11D3-BF4B-00C04F79EFBC}") = "0112_GetRAreaByStruct", "Book1\chapter05\0112_GetRAreaByStruct\0112_GetRAreaByStruct.csproj", "{C14505BD-14C9-4AA4-871C-EDE53B0FC2B2}"
EndProject
Project("{FAE04EC0-301F-11D3-BF4B-00C04F79EFBC}") = "0113_GetTAreaByClass", "Book1\chapter05\0113_GetTAreaByClass\0113_GetTAreaByClass.csproj", "{1777F0FB-E79A-4DD8-85D2-611D64F85EAD}"
EndProject
Project("{FAE04EC0-301F-11D3-BF4B-00C04F79EFBC}") = "0114_CalcByClass", "Book1\chapter05\0114_CalcByClass\0114_CalcByClass.csproj", "{70128571-BDB0-40A1-8FA5-08E70E0B4BF1}"
EndProject
Project("{FAE04EC0-301F-11D3-BF4B-00C04F79EFBC}") = "0115_GetNumInString", "Book1\chapter05\0115_GetNumInString\0115_GetNumInString.csproj", "{403436F3-65A6-4DCF-BFEE-DA86A205FB08}"
EndProject
Project("{FAE04EC0-301F-11D3-BF4B-00C04F79EFBC}") = "0116_CalcRAreaByAbstractClass", "Book1\chapter05\0116_CalcRAreaByAbstractClass\0116_CalcRAreaByAbstractClass.csproj", "{E34E01FA-DB80-4070-B7FC-EF82B77F5068}"
EndProject
Project("{FAE04EC0-301F-11D3-BF4B-00C04F79EFBC}") = "0117_AppInterface", "Book1\chapter05\0117_AppInterface\0117_AppInterface.csproj", "{7C076769-C2DD-4E88-80F1-8D9714249CBA}"
EndProject
Project("{FAE04EC0-301F-11D3-BF4B-00C04F79EFBC}") = "0118_SealedUserInfo", "Book1\chapter05\0118_SealedUserInfo\0118_SealedUserInfo.csproj", "{6E0583D9-76E3-4E71-BE46-A00EC3F8D729}"
EndProject
Project("{FAE04EC0-301F-11D3-BF4B-00C04F79EFBC}") = "0119_AddByVirtualMethod", "Book1\chapter05\0119_AddByVirtualMethod\0119_AddByVirtualMethod.csproj", "{C91C6FF1-9CBD-4A00-BB79-1F237EDC1263}"
EndProject
Project("{FAE04EC0-301F-11D3-BF4B-00C04F79EFBC}") = "0120_PeopleSpeakByMState", "Book1\chapter05\0120_PeopleSpeakByMState\0120_PeopleSpeakByMState.csproj", "{B6391606-3147-414D-BC59-002342D2DCEF}"
EndProject
Project("{FAE04EC0-301F-11D3-BF4B-00C04F79EFBC}") = "0121_ShowBusStation", "Book1\chapter05\0121_ShowBusStation\0121_ShowBusStation.csproj", "{4E88FE26-4866-47C5-92CA-D2840C970826}"
EndProject
Project("{FAE04EC0-301F-11D3-BF4B-00C04F79EFBC}") = "0122_ReverseOrder", "Book1\chapter05\0122_ReverseOrder\0122_ReverseOrder.csproj", "{8E20E4C7-FE27-484B-85EB-433880D4330C}"
EndProject
Project("{FAE04EC0-301F-11D3-BF4B-00C04F79EFBC}") = "0123_DynamicLetter", "Book1\chapter05\0123_DynamicLetter\0123_DynamicLetter.csproj", "{E66E54E4-AFEF-4048-B364-1F376CEB9689}"
EndProject
Project("{FAE04EC0-301F-11D3-BF4B-00C04F79EFBC}") = "0124_BranchMeans", "Book1\chapter05\0124_BranchMeans\0124_BranchMeans.csproj", "{B523EBCD-9CAB-4D37-BF4F-63D1C8CCBC3A}"
EndProject
Project("{FAE04EC0-301F-11D3-BF4B-00C04F79EFBC}") = "0125_StoreStuInfo", "Book1\chapter05\0125_StoreStuInfo\0125_StoreStuInfo.csproj", "{6484DA0F-9253-407A-858F-51E2613B5346}"
EndProject
Project("{FAE04EC0-301F-11D3-BF4B-00C04F79EFBC}") = "0126_ExtensiveList", "Book1\chapter05\0126_ExtensiveList\0126_ExtensiveList.csproj", "{3E486266-2FEC-4ED3-BA58-A87085F118F3}"
EndProject
Project("{FAE04EC0-301F-11D3-BF4B-00C04F79EFBC}") = "0127_ArrayInfo", "Book1\chapter05\0127_ArrayInfo\0127_ArrayInfo.csproj", "{F0DA0274-42B6-455D-BAA5-196B6BF04569}"
EndProject
Project("{FAE04EC0-301F-11D3-BF4B-00C04F79EFBC}") = "0128_ShowStuInfo", "Book1\chapter05\0128_ShowStuInfo\0128_ShowStuInfo.csproj", "{14EAC91F-5F57-47CD-9B8D-182979CC2479}"
EndProject
Project("{FAE04EC0-301F-11D3-BF4B-00C04F79EFBC}") = "0129_FormDisOperate", "Book1\chapter05\0129_FormDisOperate\0129_FormDisOperate.csproj", "{22A247E1-918B-4912-B226-F8F49C776DCB}"
EndProject
Project("{FAE04EC0-301F-11D3-BF4B-00C04F79EFBC}") = "0130_RemoveSameNum", "Book1\chapter05\0130_RemoveSameNum\0130_RemoveSameNum.csproj", "{816BF417-4312-462C-BD55-4538A848A933}"
EndProject
Project("{2150E333-8FDC-42A3-9474-1A3956D46DE8}") = "Book1", "Book1", "{9684DE79-9A4B-400A-8B8D-B5962F0A26C2}"
EndProject
Project("{2150E333-8FDC-42A3-9474-1A3956D46DE8}") = "chapter06", "chapter06", "{912661AC-19DE-4B11-876F-C1049EA87B2B}"
EndProject
Project("{FAE04EC0-301F-11D3-BF4B-00C04F79EFBC}") = "0131_UnilateralismChainTable", "Book1\chapter06\0131_UnilateralismChainTable\0131_UnilateralismChainTable.csproj", "{D44DF03E-E66E-4CD6-8B91-8D47648E117E}"
EndProject
Project("{FAE04EC0-301F-11D3-BF4B-00C04F79EFBC}") = "0132_BothChainTable", "Book1\chapter06\0132_BothChainTable\0132_BothChainTable.csproj", "{5C1F8D88-FD71-406D-B75E-03C09564DEAB}"
EndProject
Project("{FAE04EC0-301F-11D3-BF4B-00C04F79EFBC}") = "0133_StackApply", "Book1\chapter06\0133_StackApply\0133_StackApply.csproj", "{AF74DCB2-562D-4BDD-81DD-936A052AAB3C}"
EndProject
Project("{FAE04EC0-301F-11D3-BF4B-00C04F79EFBC}") = "0134_Alignment", "Book1\chapter06\0134_Alignment\0134_Alignment.csproj", "{2E445A1F-4FD3-4E8B-AD73-4A6379FA93DC}"
EndProject
Project("{FAE04EC0-301F-11D3-BF4B-00C04F79EFBC}") = "0135_Arbor", "Book1\chapter06\0135_Arbor\0135_Arbor.csproj", "{ACE0FC16-AFBA-4313-B27A-25781BDBBCC4}"
EndProject
Project("{FAE04EC0-301F-11D3-BF4B-00C04F79EFBC}") = "0136_IncrementSquare", "Book1\chapter06\0136_IncrementSquare\0136_IncrementSquare.csproj", "{C6C3AF89-C355-418F-BE9B-F0AB1FB086B0}"
EndProject
Project("{FAE04EC0-301F-11D3-BF4B-00C04F79EFBC}") = "0137_TenFactiorial", "Book1\chapter06\0137_TenFactiorial\0137_TenFactiorial.csproj", "{C1A0BB33-89D5-49E9-8BB1-968B3122190A}"
EndProject
Project("{FAE04EC0-301F-11D3-BF4B-00C04F79EFBC}") = "0138_GetMaxCommonDivisor", "Book1\chapter06\0138_GetMaxCommonDivisor\0138_GetMaxCommonDivisor.csproj", "{5EE8B1D0-6854-443F-AF11-8FB56986717F}"
EndProject
Project("{FAE04EC0-301F-11D3-BF4B-00C04F79EFBC}") = "0139_GetMinCommonMultiple", "Book1\chapter06\0139_GetMinCommonMultiple\0139_GetMinCommonMultiple.csproj", "{90A33469-7DC3-4193-9B87-3F3F5664AB24}"
EndProject
Project("{FAE04EC0-301F-11D3-BF4B-00C04F79EFBC}") = "0140_PrimeNumber", "Book1\chapter06\0140_PrimeNumber\0140_PrimeNumber.csproj", "{0AE29DBF-0619-444D-9DAD-638394C16866}"
EndProject
Project("{FAE04EC0-301F-11D3-BF4B-00C04F79EFBC}") = "0141_BuildNumber", "Book1\chapter06\0141_BuildNumber\0141_BuildNumber.csproj", "{81CDF5D3-6AA6-4E09-96D3-E2CD3545400D}"
EndProject
Project("{FAE04EC0-301F-11D3-BF4B-00C04F79EFBC}") = "0142_IDCardRemove", "Book1\chapter06\0142_IDCardRemove\0142_IDCardRemove.csproj", "{F4FB7133-73AF-4865-BDD8-AB7D87515109}"
EndProject
Project("{FAE04EC0-301F-11D3-BF4B-00C04F79EFBC}") = "0143_GDBHArith", "Book1\chapter06\0143_GDBHArith\0143_GDBHArith.csproj", "{7C569A0E-1B69-41E2-8870-6DFE29814C73}"
EndProject
Project("{FAE04EC0-301F-11D3-BF4B-00C04F79EFBC}") = "0144_EightQueen", "Book1\chapter06\0144_EightQueen\0144_EightQueen.csproj", "{9174C399-0FEC-4747-AB06-47D6AE4AFC3C}"
EndProject
Project("{FAE04EC0-301F-11D3-BF4B-00C04F79EFBC}") = "0145_HundredChicken", "Book1\chapter06\0145_HundredChicken\0145_HundredChicken.csproj", "{68447C83-2962-4EE9-8EA4-0EAC95875672}"
EndProject
Project("{FAE04EC0-301F-11D3-BF4B-00C04F79EFBC}") = "0146_ALitterArms", "Book1\chapter06\0146_ALitterArms\0146_ALitterArms.csproj", "{91521B45-992E-4010-B6F7-81BE40955BA1}"
EndProject
Project("{FAE04EC0-301F-11D3-BF4B-00C04F79EFBC}") = "0147_AgreeArithmetic", "Book1\chapter06\0147_AgreeArithmetic\0147_AgreeArithmetic.csproj", "{93D30554-6FD5-4A88-AC68-40BC44A6D4E3}"
EndProject
Project("{FAE04EC0-301F-11D3-BF4B-00C04F79EFBC}") = "0148_DaffodilAccount", "Book1\chapter06\0148_DaffodilAccount\0148_DaffodilAccount.csproj", "{51FBE03B-95F6-4D7D-AFF9-8795B849A62D}"
EndProject
Project("{FAE04EC0-301F-11D3-BF4B-00C04F79EFBC}") = "0149_YSFHResult", "Book1\chapter06\0149_YSFHResult\0149_YSFHResult.csproj", "{B9C3337C-EE33-49D3-9461-46D100B84E5E}"
EndProject
Project("{FAE04EC0-301F-11D3-BF4B-00C04F79EFBC}") = "0150_YHSJ", "Book1\chapter06\0150_YHSJ\0150_YHSJ.csproj", "{4D47454C-682B-4350-AD65-A86F1A661D5E}"
EndProject
Project("{FAE04EC0-301F-11D3-BF4B-00C04F79EFBC}") = "0151_ByteConversion", "Book1\chapter06\0151_ByteConversion\0151_ByteConversion.csproj", "{A19A8028-C8E6-4404-8643-2217E88624AD}"
EndProject
Project("{FAE04EC0-301F-11D3-BF4B-00C04F79EFBC}") = "0152_ArbitrarinessCombination", "Book1\chapter06\0152_ArbitrarinessCombination\0152_ArbitrarinessCombination.csproj", "{5BA9DA2E-DBB1-40D5-B5F1-722EA1F6F48C}"
EndProject
Project("{FAE04EC0-301F-11D3-BF4B-00C04F79EFBC}") = "0153_LookupNear", "Book1\chapter06\0153_LookupNear\0153_LookupNear.csproj", "{84448E77-7B7C-4609-92F9-5590A036417F}"
EndProject
Project("{FAE04EC0-301F-11D3-BF4B-00C04F79EFBC}") = "0154_SelectMonkeyKing", "Book1\chapter06\0154_SelectMonkeyKing\0154_SelectMonkeyKing.csproj", "{D22BC143-47C3-4B14-9D96-D89F5535B227}"
EndProject
Project("{FAE04EC0-301F-11D3-BF4B-00C04F79EFBC}") = "0155_MD5Arithmetic", "Book1\chapter06\0155_MD5Arithmetic\0155_MD5Arithmetic.csproj", "{68864444-9FF9-44DA-B9B7-F5E7860AD2DB}"
EndProject
Project("{FAE04EC0-301F-11D3-BF4B-00C04F79EFBC}") = "0156_CaesarArithmetic", "Book1\chapter06\0156_CaesarArithmetic\0156_CaesarArithmetic.csproj", "{F734AD1D-59AC-4D78-A981-23ACB5F23D12}"
EndProject
Project("{2150E333-8FDC-42A3-9474-1A3956D46DE8}") = "chapter07", "chapter07", "{EF6ED784-F7CF-4384-A1E8-DBEBA7D10FC7}"
EndProject
Project("{FAE04EC0-301F-11D3-BF4B-00C04F79EFBC}") = "0157_LoadPosition", "Book1\chapter07\0157_LoadPosition\0157_LoadPosition.csproj", "{1EA4AD87-7A04-4ACC-B27E-80E805F27D31}"
EndProject
Project("{FAE04EC0-301F-11D3-BF4B-00C04F79EFBC}") = "0158_SetLocation", "Book1\chapter07\0158_SetLocation\0158_SetLocation.csproj", "{1071EFA1-B556-4AC3-8EC5-C1EF141CECC9}"
EndProject
Project("{FAE04EC0-301F-11D3-BF4B-00C04F79EFBC}") = "0159_StartFormByLClosePosition", "Book1\chapter07\0159_StartFormByLClosePosition\0159_StartFormByLClosePosition.csproj", "{CB5FF178-264D-4A6E-A4FE-8A76C318647E}"
EndProject
Project("{FAE04EC0-301F-11D3-BF4B-00C04F79EFBC}") = "0160_AlwaysActiveWindows", "Book1\chapter07\0160_AlwaysActiveWindows\0160_AlwaysActiveWindows.csproj", "{C304EDD9-257F-46F6-AA1E-E9A172FB4A76}"
EndProject
Project("{FAE04EC0-301F-11D3-BF4B-00C04F79EFBC}") = "0161_ControlFormSize", "Book1\chapter07\0161_ControlFormSize\0161_ControlFormSize.csproj", "{7CC7611D-DE55-43E7-AA95-9482530AB107}"
EndProject
Project("{FAE04EC0-301F-11D3-BF4B-00C04F79EFBC}") = "0162_SetFormSizeByDeskSize", "Book1\chapter07\0162_SetFormSizeByDeskSize\0162_SetFormSizeByDeskSize.csproj", "{403119DA-482B-4391-ADEC-7F85D4A3CD5D}"
EndProject
Project("{FAE04EC0-301F-11D3-BF4B-00C04F79EFBC}") = "0163_ControlFormStatus", "Book1\chapter07\0163_ControlFormStatus\0163_ControlFormStatus.csproj", "{671373EE-5FEC-40C8-A24E-B0F66C653B02}"
EndProject
Project("{FAE04EC0-301F-11D3-BF4B-00C04F79EFBC}") = "0164_ChangeFormSize", "Book1\chapter07\0164_ChangeFormSize\0164_ChangeFormSize.csproj", "{8720EB68-4CDF-493D-AE58-9241C17B5DB3}"
EndProject
Project("{FAE04EC0-301F-11D3-BF4B-00C04F79EFBC}") = "0165_NChangeFormSize", "Book1\chapter07\0165_NChangeFormSize\0165_NChangeFormSize.csproj", "{CBC17095-F1C3-4944-96E2-F74D3C160AA5}"
EndProject
Project("{FAE04EC0-301F-11D3-BF4B-00C04F79EFBC}") = "0166_WindowsTitleRight", "Book1\chapter07\0166_WindowsTitleRight\0166_WindowsTitleRight.csproj", "{6C48B888-4D67-4A2D-996E-C1DEE6EDE54E}"
EndProject
Project("{FAE04EC0-301F-11D3-BF4B-00C04F79EFBC}") = "0167_EditFormSize", "Book1\chapter07\0167_EditFormSize\0167_EditFormSize.csproj", "{1C477A26-2117-4A4F-B28E-878B369CE1FD}"
EndProject
Project("{FAE04EC0-301F-11D3-BF4B-00C04F79EFBC}") = "0168_FlashWindowBar", "Book1\chapter07\0168_FlashWindowBar\0168_FlashWindowBar.csproj", "{2B39EBC1-137F-411E-807A-B858B63182E2}"
EndProject
Project("{FAE04EC0-301F-11D3-BF4B-00C04F79EFBC}") = "0169_SetFormBackColor", "Book1\chapter07\0169_SetFormBackColor\0169_SetFormBackColor.csproj", "{9F3F0366-743A-4B7E-81E0-9E2D9F8C96CD}"
EndProject
Project("{FAE04EC0-301F-11D3-BF4B-00C04F79EFBC}") = "0170_SetFormBackImage", "Book1\chapter07\0170_SetFormBackImage\0170_SetFormBackImage.csproj", "{CC2DAC0B-0FA0-47F4-8956-06E70E613060}"
EndProject
Project("{FAE04EC0-301F-11D3-BF4B-00C04F79EFBC}") = "0171_AutoImageSizeByForm", "Book1\chapter07\0171_AutoImageSizeByForm\0171_AutoImageSizeByForm.csproj", "{D0F0111B-672B-4590-A272-D84296438248}"
EndProject
Project("{FAE04EC0-301F-11D3-BF4B-00C04F79EFBC}") = "0172_ImageInFormCenter", "Book1\chapter07\0172_ImageInFormCenter\0172_ImageInFormCenter.csproj", "{F6F5C969-20F6-4BC9-9E63-20576F5FFD54}"
EndProject
Project("{FAE04EC0-301F-11D3-BF4B-00C04F79EFBC}") = "0173_ExpandImageInForm", "Book1\chapter07\0173_ExpandImageInForm\0173_ExpandImageInForm.csproj", "{BB0FA697-7A01-4862-96C9-2AFA70F8C03E}"
EndProject
Project("{FAE04EC0-301F-11D3-BF4B-00C04F79EFBC}") = "0174_ClearFormBack", "Book1\chapter07\0174_ClearFormBack\0174_ClearFormBack.csproj", "{B37292A9-BC78-460E-92DC-D4A7B774A78F}"
EndProject
Global
	GlobalSection(SolutionConfigurationPlatforms) = preSolution
		Debug|Any CPU = Debug|Any CPU
		Release|Any CPU = Release|Any CPU
	EndGlobalSection
	GlobalSection(ProjectConfigurationPlatforms) = postSolution
		{4F345135-45D2-4622-ACCF-2BC35A9C0009}.Debug|Any CPU.ActiveCfg = Debug|Any CPU
		{4F345135-45D2-4622-ACCF-2BC35A9C0009}.Debug|Any CPU.Build.0 = Debug|Any CPU
		{4F345135-45D2-4622-ACCF-2BC35A9C0009}.Release|Any CPU.ActiveCfg = Release|Any CPU
		{4F345135-45D2-4622-ACCF-2BC35A9C0009}.Release|Any CPU.Build.0 = Release|Any CPU
		{F87075E6-796D-4EE1-93F5-ADC15D5BC647}.Debug|Any CPU.ActiveCfg = Debug|Any CPU
		{F87075E6-796D-4EE1-93F5-ADC15D5BC647}.Debug|Any CPU.Build.0 = Debug|Any CPU
		{F87075E6-796D-4EE1-93F5-ADC15D5BC647}.Release|Any CPU.ActiveCfg = Release|Any CPU
		{F87075E6-796D-4EE1-93F5-ADC15D5BC647}.Release|Any CPU.Build.0 = Release|Any CPU
		{9EFF0D6B-A2BD-4399-9544-58C288D33D88}.Debug|Any CPU.ActiveCfg = Debug|Any CPU
		{9EFF0D6B-A2BD-4399-9544-58C288D33D88}.Debug|Any CPU.Build.0 = Debug|Any CPU
		{9EFF0D6B-A2BD-4399-9544-58C288D33D88}.Release|Any CPU.ActiveCfg = Release|Any CPU
		{9EFF0D6B-A2BD-4399-9544-58C288D33D88}.Release|Any CPU.Build.0 = Release|Any CPU
		{A3931D73-2DF6-479A-9FAC-E5F2D57DFB93}.Debug|Any CPU.ActiveCfg = Debug|Any CPU
		{A3931D73-2DF6-479A-9FAC-E5F2D57DFB93}.Debug|Any CPU.Build.0 = Debug|Any CPU
		{A3931D73-2DF6-479A-9FAC-E5F2D57DFB93}.Release|Any CPU.ActiveCfg = Release|Any CPU
		{A3931D73-2DF6-479A-9FAC-E5F2D57DFB93}.Release|Any CPU.Build.0 = Release|Any CPU
		{1435983A-297D-4A9B-973C-495691F903B6}.Debug|Any CPU.ActiveCfg = Debug|Any CPU
		{1435983A-297D-4A9B-973C-495691F903B6}.Debug|Any CPU.Build.0 = Debug|Any CPU
		{1435983A-297D-4A9B-973C-495691F903B6}.Release|Any CPU.ActiveCfg = Release|Any CPU
		{1435983A-297D-4A9B-973C-495691F903B6}.Release|Any CPU.Build.0 = Release|Any CPU
		{4F4D47D1-66E5-40D6-92B4-3BD5F12268BF}.Debug|Any CPU.ActiveCfg = Debug|Any CPU
		{4F4D47D1-66E5-40D6-92B4-3BD5F12268BF}.Debug|Any CPU.Build.0 = Debug|Any CPU
		{4F4D47D1-66E5-40D6-92B4-3BD5F12268BF}.Release|Any CPU.ActiveCfg = Release|Any CPU
		{4F4D47D1-66E5-40D6-92B4-3BD5F12268BF}.Release|Any CPU.Build.0 = Release|Any CPU
		{A9B8EDEC-702D-4ADD-A3E6-8A8169AB091E}.Debug|Any CPU.ActiveCfg = Debug|Any CPU
		{A9B8EDEC-702D-4ADD-A3E6-8A8169AB091E}.Debug|Any CPU.Build.0 = Debug|Any CPU
		{A9B8EDEC-702D-4ADD-A3E6-8A8169AB091E}.Release|Any CPU.ActiveCfg = Release|Any CPU
		{A9B8EDEC-702D-4ADD-A3E6-8A8169AB091E}.Release|Any CPU.Build.0 = Release|Any CPU
		{D9B5D592-D609-4B5A-8805-BB291F561C5A}.Debug|Any CPU.ActiveCfg = Debug|Any CPU
		{D9B5D592-D609-4B5A-8805-BB291F561C5A}.Debug|Any CPU.Build.0 = Debug|Any CPU
		{D9B5D592-D609-4B5A-8805-BB291F561C5A}.Release|Any CPU.ActiveCfg = Release|Any CPU
		{D9B5D592-D609-4B5A-8805-BB291F561C5A}.Release|Any CPU.Build.0 = Release|Any CPU
		{B911AA3A-8802-4129-9A12-4207EFB68B95}.Debug|Any CPU.ActiveCfg = Debug|Any CPU
		{B911AA3A-8802-4129-9A12-4207EFB68B95}.Debug|Any CPU.Build.0 = Debug|Any CPU
		{B911AA3A-8802-4129-9A12-4207EFB68B95}.Release|Any CPU.ActiveCfg = Release|Any CPU
		{B911AA3A-8802-4129-9A12-4207EFB68B95}.Release|Any CPU.Build.0 = Release|Any CPU
		{67B349A2-3C7C-4FAA-B6BD-46E99540EAF5}.Debug|Any CPU.ActiveCfg = Debug|Any CPU
		{67B349A2-3C7C-4FAA-B6BD-46E99540EAF5}.Debug|Any CPU.Build.0 = Debug|Any CPU
		{67B349A2-3C7C-4FAA-B6BD-46E99540EAF5}.Release|Any CPU.ActiveCfg = Release|Any CPU
		{67B349A2-3C7C-4FAA-B6BD-46E99540EAF5}.Release|Any CPU.Build.0 = Release|Any CPU
		{C896D9C2-88F9-4C7F-B4CA-5E0E980F6EF0}.Debug|Any CPU.ActiveCfg = Debug|Any CPU
		{C896D9C2-88F9-4C7F-B4CA-5E0E980F6EF0}.Debug|Any CPU.Build.0 = Debug|Any CPU
		{C896D9C2-88F9-4C7F-B4CA-5E0E980F6EF0}.Release|Any CPU.ActiveCfg = Release|Any CPU
		{C896D9C2-88F9-4C7F-B4CA-5E0E980F6EF0}.Release|Any CPU.Build.0 = Release|Any CPU
		{683C5FE1-B33E-4E55-AE21-6FB6156FA41D}.Debug|Any CPU.ActiveCfg = Debug|Any CPU
		{683C5FE1-B33E-4E55-AE21-6FB6156FA41D}.Debug|Any CPU.Build.0 = Debug|Any CPU
		{683C5FE1-B33E-4E55-AE21-6FB6156FA41D}.Release|Any CPU.ActiveCfg = Release|Any CPU
		{683C5FE1-B33E-4E55-AE21-6FB6156FA41D}.Release|Any CPU.Build.0 = Release|Any CPU
		{2343DD4C-A1EA-4B05-BCCB-24C84A35A875}.Debug|Any CPU.ActiveCfg = Debug|Any CPU
		{2343DD4C-A1EA-4B05-BCCB-24C84A35A875}.Debug|Any CPU.Build.0 = Debug|Any CPU
		{2343DD4C-A1EA-4B05-BCCB-24C84A35A875}.Release|Any CPU.ActiveCfg = Release|Any CPU
		{2343DD4C-A1EA-4B05-BCCB-24C84A35A875}.Release|Any CPU.Build.0 = Release|Any CPU
		{6044F0AB-1716-4241-AE0A-227591831102}.Debug|Any CPU.ActiveCfg = Debug|Any CPU
		{6044F0AB-1716-4241-AE0A-227591831102}.Debug|Any CPU.Build.0 = Debug|Any CPU
		{6044F0AB-1716-4241-AE0A-227591831102}.Release|Any CPU.ActiveCfg = Release|Any CPU
		{6044F0AB-1716-4241-AE0A-227591831102}.Release|Any CPU.Build.0 = Release|Any CPU
		{D5BC4163-1B02-464A-AA46-EF02EA288B17}.Debug|Any CPU.ActiveCfg = Debug|Any CPU
		{D5BC4163-1B02-464A-AA46-EF02EA288B17}.Debug|Any CPU.Build.0 = Debug|Any CPU
		{D5BC4163-1B02-464A-AA46-EF02EA288B17}.Release|Any CPU.ActiveCfg = Release|Any CPU
		{D5BC4163-1B02-464A-AA46-EF02EA288B17}.Release|Any CPU.Build.0 = Release|Any CPU
		{C9417B0D-F5E9-4393-875F-2FBDB4BC2C31}.Debug|Any CPU.ActiveCfg = Debug|Any CPU
		{C9417B0D-F5E9-4393-875F-2FBDB4BC2C31}.Debug|Any CPU.Build.0 = Debug|Any CPU
		{C9417B0D-F5E9-4393-875F-2FBDB4BC2C31}.Release|Any CPU.ActiveCfg = Release|Any CPU
		{C9417B0D-F5E9-4393-875F-2FBDB4BC2C31}.Release|Any CPU.Build.0 = Release|Any CPU
		{FD945D07-ED7C-4D01-9126-6ED0476E2B7B}.Debug|Any CPU.ActiveCfg = Debug|Any CPU
		{FD945D07-ED7C-4D01-9126-6ED0476E2B7B}.Debug|Any CPU.Build.0 = Debug|Any CPU
		{FD945D07-ED7C-4D01-9126-6ED0476E2B7B}.Release|Any CPU.ActiveCfg = Release|Any CPU
		{FD945D07-ED7C-4D01-9126-6ED0476E2B7B}.Release|Any CPU.Build.0 = Release|Any CPU
		{35765E64-F9CF-4AAD-8C10-D94AE1BDD0E6}.Debug|Any CPU.ActiveCfg = Debug|Any CPU
		{35765E64-F9CF-4AAD-8C10-D94AE1BDD0E6}.Debug|Any CPU.Build.0 = Debug|Any CPU
		{35765E64-F9CF-4AAD-8C10-D94AE1BDD0E6}.Release|Any CPU.ActiveCfg = Release|Any CPU
		{35765E64-F9CF-4AAD-8C10-D94AE1BDD0E6}.Release|Any CPU.Build.0 = Release|Any CPU
		{A48B7519-8863-439C-B9F2-28F009329DBE}.Debug|Any CPU.ActiveCfg = Debug|Any CPU
		{A48B7519-8863-439C-B9F2-28F009329DBE}.Debug|Any CPU.Build.0 = Debug|Any CPU
		{A48B7519-8863-439C-B9F2-28F009329DBE}.Release|Any CPU.ActiveCfg = Release|Any CPU
		{A48B7519-8863-439C-B9F2-28F009329DBE}.Release|Any CPU.Build.0 = Release|Any CPU
		{AA9A13CC-3400-42F7-9389-0E2A7EDBD303}.Debug|Any CPU.ActiveCfg = Debug|Any CPU
		{AA9A13CC-3400-42F7-9389-0E2A7EDBD303}.Debug|Any CPU.Build.0 = Debug|Any CPU
		{AA9A13CC-3400-42F7-9389-0E2A7EDBD303}.Release|Any CPU.ActiveCfg = Release|Any CPU
		{AA9A13CC-3400-42F7-9389-0E2A7EDBD303}.Release|Any CPU.Build.0 = Release|Any CPU
		{02E9B0D7-6A03-44EF-86D5-53AD17D33728}.Debug|Any CPU.ActiveCfg = Debug|Any CPU
		{02E9B0D7-6A03-44EF-86D5-53AD17D33728}.Debug|Any CPU.Build.0 = Debug|Any CPU
		{02E9B0D7-6A03-44EF-86D5-53AD17D33728}.Release|Any CPU.ActiveCfg = Release|Any CPU
		{02E9B0D7-6A03-44EF-86D5-53AD17D33728}.Release|Any CPU.Build.0 = Release|Any CPU
		{C2D1D567-BB78-4E42-87F0-F66AFE5D5277}.Debug|Any CPU.ActiveCfg = Debug|Any CPU
		{C2D1D567-BB78-4E42-87F0-F66AFE5D5277}.Debug|Any CPU.Build.0 = Debug|Any CPU
		{C2D1D567-BB78-4E42-87F0-F66AFE5D5277}.Release|Any CPU.ActiveCfg = Release|Any CPU
		{C2D1D567-BB78-4E42-87F0-F66AFE5D5277}.Release|Any CPU.Build.0 = Release|Any CPU
		{416F3300-1D7C-4C6C-8799-088BA57BD9DE}.Debug|Any CPU.ActiveCfg = Debug|Any CPU
		{416F3300-1D7C-4C6C-8799-088BA57BD9DE}.Debug|Any CPU.Build.0 = Debug|Any CPU
		{416F3300-1D7C-4C6C-8799-088BA57BD9DE}.Release|Any CPU.ActiveCfg = Release|Any CPU
		{416F3300-1D7C-4C6C-8799-088BA57BD9DE}.Release|Any CPU.Build.0 = Release|Any CPU
		{D9CFB24A-9698-4164-BD3B-5527525464CF}.Debug|Any CPU.ActiveCfg = Debug|Any CPU
		{D9CFB24A-9698-4164-BD3B-5527525464CF}.Debug|Any CPU.Build.0 = Debug|Any CPU
		{D9CFB24A-9698-4164-BD3B-5527525464CF}.Release|Any CPU.ActiveCfg = Release|Any CPU
		{D9CFB24A-9698-4164-BD3B-5527525464CF}.Release|Any CPU.Build.0 = Release|Any CPU
		{9C429582-3D0E-46E3-B5D3-F6CD3DC4D768}.Debug|Any CPU.ActiveCfg = Debug|Any CPU
		{9C429582-3D0E-46E3-B5D3-F6CD3DC4D768}.Debug|Any CPU.Build.0 = Debug|Any CPU
		{9C429582-3D0E-46E3-B5D3-F6CD3DC4D768}.Release|Any CPU.ActiveCfg = Release|Any CPU
		{9C429582-3D0E-46E3-B5D3-F6CD3DC4D768}.Release|Any CPU.Build.0 = Release|Any CPU
		{B05612D9-E853-4FAD-8590-FBC69FEA9DC5}.Debug|Any CPU.ActiveCfg = Debug|Any CPU
		{B05612D9-E853-4FAD-8590-FBC69FEA9DC5}.Debug|Any CPU.Build.0 = Debug|Any CPU
		{B05612D9-E853-4FAD-8590-FBC69FEA9DC5}.Release|Any CPU.ActiveCfg = Release|Any CPU
		{B05612D9-E853-4FAD-8590-FBC69FEA9DC5}.Release|Any CPU.Build.0 = Release|Any CPU
		{E913A889-BDCF-4A4C-BE48-ED7BC7B9AFAE}.Debug|Any CPU.ActiveCfg = Debug|Any CPU
		{E913A889-BDCF-4A4C-BE48-ED7BC7B9AFAE}.Debug|Any CPU.Build.0 = Debug|Any CPU
		{E913A889-BDCF-4A4C-BE48-ED7BC7B9AFAE}.Release|Any CPU.ActiveCfg = Release|Any CPU
		{E913A889-BDCF-4A4C-BE48-ED7BC7B9AFAE}.Release|Any CPU.Build.0 = Release|Any CPU
		{853BC93A-1CE5-42AC-90A2-4AF74ADB8274}.Debug|Any CPU.ActiveCfg = Debug|Any CPU
		{853BC93A-1CE5-42AC-90A2-4AF74ADB8274}.Debug|Any CPU.Build.0 = Debug|Any CPU
		{853BC93A-1CE5-42AC-90A2-4AF74ADB8274}.Release|Any CPU.ActiveCfg = Release|Any CPU
		{853BC93A-1CE5-42AC-90A2-4AF74ADB8274}.Release|Any CPU.Build.0 = Release|Any CPU
		{E11BC254-502C-49E0-8DD7-9EF66290110F}.Debug|Any CPU.ActiveCfg = Debug|Any CPU
		{E11BC254-502C-49E0-8DD7-9EF66290110F}.Debug|Any CPU.Build.0 = Debug|Any CPU
		{E11BC254-502C-49E0-8DD7-9EF66290110F}.Release|Any CPU.ActiveCfg = Release|Any CPU
		{E11BC254-502C-49E0-8DD7-9EF66290110F}.Release|Any CPU.Build.0 = Release|Any CPU
		{BE68A62F-1269-4EFA-846A-B18B29FCEB1C}.Debug|Any CPU.ActiveCfg = Debug|Any CPU
		{BE68A62F-1269-4EFA-846A-B18B29FCEB1C}.Debug|Any CPU.Build.0 = Debug|Any CPU
		{BE68A62F-1269-4EFA-846A-B18B29FCEB1C}.Release|Any CPU.ActiveCfg = Release|Any CPU
		{BE68A62F-1269-4EFA-846A-B18B29FCEB1C}.Release|Any CPU.Build.0 = Release|Any CPU
		{24BF89A2-7202-4FC5-A3D1-CA16FA9BB3E2}.Debug|Any CPU.ActiveCfg = Debug|Any CPU
		{24BF89A2-7202-4FC5-A3D1-CA16FA9BB3E2}.Debug|Any CPU.Build.0 = Debug|Any CPU
		{24BF89A2-7202-4FC5-A3D1-CA16FA9BB3E2}.Release|Any CPU.ActiveCfg = Release|Any CPU
		{24BF89A2-7202-4FC5-A3D1-CA16FA9BB3E2}.Release|Any CPU.Build.0 = Release|Any CPU
		{560EADB5-EECD-4B44-8BC0-543C7484FF24}.Debug|Any CPU.ActiveCfg = Debug|Any CPU
		{560EADB5-EECD-4B44-8BC0-543C7484FF24}.Debug|Any CPU.Build.0 = Debug|Any CPU
		{560EADB5-EECD-4B44-8BC0-543C7484FF24}.Release|Any CPU.ActiveCfg = Release|Any CPU
		{560EADB5-EECD-4B44-8BC0-543C7484FF24}.Release|Any CPU.Build.0 = Release|Any CPU
		{DB175A23-7FBA-444E-9400-1F9B721A279C}.Debug|Any CPU.ActiveCfg = Debug|Any CPU
		{DB175A23-7FBA-444E-9400-1F9B721A279C}.Debug|Any CPU.Build.0 = Debug|Any CPU
		{DB175A23-7FBA-444E-9400-1F9B721A279C}.Release|Any CPU.ActiveCfg = Release|Any CPU
		{DB175A23-7FBA-444E-9400-1F9B721A279C}.Release|Any CPU.Build.0 = Release|Any CPU
		{9B5C6086-FDE3-4852-BCAA-19DE848FB373}.Debug|Any CPU.ActiveCfg = Debug|Any CPU
		{9B5C6086-FDE3-4852-BCAA-19DE848FB373}.Debug|Any CPU.Build.0 = Debug|Any CPU
		{9B5C6086-FDE3-4852-BCAA-19DE848FB373}.Release|Any CPU.ActiveCfg = Release|Any CPU
		{9B5C6086-FDE3-4852-BCAA-19DE848FB373}.Release|Any CPU.Build.0 = Release|Any CPU
		{9A48D0E5-099E-4EB4-B212-7919F6B16FE6}.Debug|Any CPU.ActiveCfg = Debug|Any CPU
		{9A48D0E5-099E-4EB4-B212-7919F6B16FE6}.Debug|Any CPU.Build.0 = Debug|Any CPU
		{9A48D0E5-099E-4EB4-B212-7919F6B16FE6}.Release|Any CPU.ActiveCfg = Release|Any CPU
		{9A48D0E5-099E-4EB4-B212-7919F6B16FE6}.Release|Any CPU.Build.0 = Release|Any CPU
		{ABAEAB23-D3AA-45B5-BB26-29A0C4380395}.Debug|Any CPU.ActiveCfg = Debug|Any CPU
		{ABAEAB23-D3AA-45B5-BB26-29A0C4380395}.Debug|Any CPU.Build.0 = Debug|Any CPU
		{ABAEAB23-D3AA-45B5-BB26-29A0C4380395}.Release|Any CPU.ActiveCfg = Release|Any CPU
		{ABAEAB23-D3AA-45B5-BB26-29A0C4380395}.Release|Any CPU.Build.0 = Release|Any CPU
		{D5E83ED2-E861-4E01-80EC-8C8B6F058DB9}.Debug|Any CPU.ActiveCfg = Debug|Any CPU
		{D5E83ED2-E861-4E01-80EC-8C8B6F058DB9}.Debug|Any CPU.Build.0 = Debug|Any CPU
		{D5E83ED2-E861-4E01-80EC-8C8B6F058DB9}.Release|Any CPU.ActiveCfg = Release|Any CPU
		{D5E83ED2-E861-4E01-80EC-8C8B6F058DB9}.Release|Any CPU.Build.0 = Release|Any CPU
		{5332BF58-EEF0-4520-A476-2D6904FBB84F}.Debug|Any CPU.ActiveCfg = Debug|Any CPU
		{5332BF58-EEF0-4520-A476-2D6904FBB84F}.Debug|Any CPU.Build.0 = Debug|Any CPU
		{5332BF58-EEF0-4520-A476-2D6904FBB84F}.Release|Any CPU.ActiveCfg = Release|Any CPU
		{5332BF58-EEF0-4520-A476-2D6904FBB84F}.Release|Any CPU.Build.0 = Release|Any CPU
		{668B2335-FBB0-4E31-A87E-C223DC572446}.Debug|Any CPU.ActiveCfg = Debug|Any CPU
		{668B2335-FBB0-4E31-A87E-C223DC572446}.Debug|Any CPU.Build.0 = Debug|Any CPU
		{668B2335-FBB0-4E31-A87E-C223DC572446}.Release|Any CPU.ActiveCfg = Release|Any CPU
		{668B2335-FBB0-4E31-A87E-C223DC572446}.Release|Any CPU.Build.0 = Release|Any CPU
		{0314DE45-133B-4821-A1C1-58EDA3AB95E5}.Debug|Any CPU.ActiveCfg = Debug|Any CPU
		{0314DE45-133B-4821-A1C1-58EDA3AB95E5}.Debug|Any CPU.Build.0 = Debug|Any CPU
		{0314DE45-133B-4821-A1C1-58EDA3AB95E5}.Release|Any CPU.ActiveCfg = Release|Any CPU
		{0314DE45-133B-4821-A1C1-58EDA3AB95E5}.Release|Any CPU.Build.0 = Release|Any CPU
		{4B57AA72-107F-4B6D-BA86-0CCD1B569CE1}.Debug|Any CPU.ActiveCfg = Debug|Any CPU
		{4B57AA72-107F-4B6D-BA86-0CCD1B569CE1}.Debug|Any CPU.Build.0 = Debug|Any CPU
		{4B57AA72-107F-4B6D-BA86-0CCD1B569CE1}.Release|Any CPU.ActiveCfg = Release|Any CPU
		{4B57AA72-107F-4B6D-BA86-0CCD1B569CE1}.Release|Any CPU.Build.0 = Release|Any CPU
		{1D2E449D-D1C1-45D9-83C2-EA95D21330C1}.Debug|Any CPU.ActiveCfg = Debug|Any CPU
		{1D2E449D-D1C1-45D9-83C2-EA95D21330C1}.Debug|Any CPU.Build.0 = Debug|Any CPU
		{1D2E449D-D1C1-45D9-83C2-EA95D21330C1}.Release|Any CPU.ActiveCfg = Release|Any CPU
		{1D2E449D-D1C1-45D9-83C2-EA95D21330C1}.Release|Any CPU.Build.0 = Release|Any CPU
		{975696A2-39DD-469B-8ECD-180040BBFCDC}.Debug|Any CPU.ActiveCfg = Debug|Any CPU
		{975696A2-39DD-469B-8ECD-180040BBFCDC}.Debug|Any CPU.Build.0 = Debug|Any CPU
		{975696A2-39DD-469B-8ECD-180040BBFCDC}.Release|Any CPU.ActiveCfg = Release|Any CPU
		{975696A2-39DD-469B-8ECD-180040BBFCDC}.Release|Any CPU.Build.0 = Release|Any CPU
		{D1235E49-AB2B-4B8B-AD14-A72B3E38E5ED}.Debug|Any CPU.ActiveCfg = Debug|Any CPU
		{D1235E49-AB2B-4B8B-AD14-A72B3E38E5ED}.Debug|Any CPU.Build.0 = Debug|Any CPU
		{D1235E49-AB2B-4B8B-AD14-A72B3E38E5ED}.Release|Any CPU.ActiveCfg = Release|Any CPU
		{D1235E49-AB2B-4B8B-AD14-A72B3E38E5ED}.Release|Any CPU.Build.0 = Release|Any CPU
		{8B91885F-E322-4203-8B08-815FFE14BB6F}.Debug|Any CPU.ActiveCfg = Debug|Any CPU
		{8B91885F-E322-4203-8B08-815FFE14BB6F}.Debug|Any CPU.Build.0 = Debug|Any CPU
		{8B91885F-E322-4203-8B08-815FFE14BB6F}.Release|Any CPU.ActiveCfg = Release|Any CPU
		{8B91885F-E322-4203-8B08-815FFE14BB6F}.Release|Any CPU.Build.0 = Release|Any CPU
		{7BE9960B-DEF8-4DEA-B2B7-358ED45A4B9F}.Debug|Any CPU.ActiveCfg = Debug|Any CPU
		{7BE9960B-DEF8-4DEA-B2B7-358ED45A4B9F}.Debug|Any CPU.Build.0 = Debug|Any CPU
		{7BE9960B-DEF8-4DEA-B2B7-358ED45A4B9F}.Release|Any CPU.ActiveCfg = Release|Any CPU
		{7BE9960B-DEF8-4DEA-B2B7-358ED45A4B9F}.Release|Any CPU.Build.0 = Release|Any CPU
		{5839B01C-2755-4DDB-AE0A-22ADBA0C1037}.Debug|Any CPU.ActiveCfg = Debug|Any CPU
		{5839B01C-2755-4DDB-AE0A-22ADBA0C1037}.Debug|Any CPU.Build.0 = Debug|Any CPU
		{5839B01C-2755-4DDB-AE0A-22ADBA0C1037}.Release|Any CPU.ActiveCfg = Release|Any CPU
		{5839B01C-2755-4DDB-AE0A-22ADBA0C1037}.Release|Any CPU.Build.0 = Release|Any CPU
		{5F7A4DC7-5744-459F-85A2-6E6993F3614E}.Debug|Any CPU.ActiveCfg = Debug|Any CPU
		{5F7A4DC7-5744-459F-85A2-6E6993F3614E}.Debug|Any CPU.Build.0 = Debug|Any CPU
		{5F7A4DC7-5744-459F-85A2-6E6993F3614E}.Release|Any CPU.ActiveCfg = Release|Any CPU
		{5F7A4DC7-5744-459F-85A2-6E6993F3614E}.Release|Any CPU.Build.0 = Release|Any CPU
		{64ECA72E-BD28-4DB1-BC4E-32DC2EBCB887}.Debug|Any CPU.ActiveCfg = Debug|Any CPU
		{64ECA72E-BD28-4DB1-BC4E-32DC2EBCB887}.Debug|Any CPU.Build.0 = Debug|Any CPU
		{64ECA72E-BD28-4DB1-BC4E-32DC2EBCB887}.Release|Any CPU.ActiveCfg = Release|Any CPU
		{64ECA72E-BD28-4DB1-BC4E-32DC2EBCB887}.Release|Any CPU.Build.0 = Release|Any CPU
		{F6625E77-CBFB-485B-B3B6-D46ADC14C022}.Debug|Any CPU.ActiveCfg = Debug|Any CPU
		{F6625E77-CBFB-485B-B3B6-D46ADC14C022}.Debug|Any CPU.Build.0 = Debug|Any CPU
		{F6625E77-CBFB-485B-B3B6-D46ADC14C022}.Release|Any CPU.ActiveCfg = Release|Any CPU
		{F6625E77-CBFB-485B-B3B6-D46ADC14C022}.Release|Any CPU.Build.0 = Release|Any CPU
		{33EED5AB-4E6F-47DA-B273-BC93A92B7DFB}.Debug|Any CPU.ActiveCfg = Debug|Any CPU
		{33EED5AB-4E6F-47DA-B273-BC93A92B7DFB}.Debug|Any CPU.Build.0 = Debug|Any CPU
		{33EED5AB-4E6F-47DA-B273-BC93A92B7DFB}.Release|Any CPU.ActiveCfg = Release|Any CPU
		{33EED5AB-4E6F-47DA-B273-BC93A92B7DFB}.Release|Any CPU.Build.0 = Release|Any CPU
		{DB546555-BDD5-46F4-9766-25BEE5B62633}.Debug|Any CPU.ActiveCfg = Debug|Any CPU
		{DB546555-BDD5-46F4-9766-25BEE5B62633}.Debug|Any CPU.Build.0 = Debug|Any CPU
		{DB546555-BDD5-46F4-9766-25BEE5B62633}.Release|Any CPU.ActiveCfg = Release|Any CPU
		{DB546555-BDD5-46F4-9766-25BEE5B62633}.Release|Any CPU.Build.0 = Release|Any CPU
		{CEFA8046-F3F5-4AF6-B9AA-661866C1722E}.Debug|Any CPU.ActiveCfg = Debug|Any CPU
		{CEFA8046-F3F5-4AF6-B9AA-661866C1722E}.Debug|Any CPU.Build.0 = Debug|Any CPU
		{CEFA8046-F3F5-4AF6-B9AA-661866C1722E}.Release|Any CPU.ActiveCfg = Release|Any CPU
		{CEFA8046-F3F5-4AF6-B9AA-661866C1722E}.Release|Any CPU.Build.0 = Release|Any CPU
		{80719FAF-1AE2-4099-9132-95D0AB0CEE2C}.Debug|Any CPU.ActiveCfg = Debug|Any CPU
		{80719FAF-1AE2-4099-9132-95D0AB0CEE2C}.Debug|Any CPU.Build.0 = Debug|Any CPU
		{80719FAF-1AE2-4099-9132-95D0AB0CEE2C}.Release|Any CPU.ActiveCfg = Release|Any CPU
		{80719FAF-1AE2-4099-9132-95D0AB0CEE2C}.Release|Any CPU.Build.0 = Release|Any CPU
		{5054856E-B5DE-4FBE-B861-9E7D2CA4826B}.Debug|Any CPU.ActiveCfg = Debug|Any CPU
		{5054856E-B5DE-4FBE-B861-9E7D2CA4826B}.Debug|Any CPU.Build.0 = Debug|Any CPU
		{5054856E-B5DE-4FBE-B861-9E7D2CA4826B}.Release|Any CPU.ActiveCfg = Release|Any CPU
		{5054856E-B5DE-4FBE-B861-9E7D2CA4826B}.Release|Any CPU.Build.0 = Release|Any CPU
		{AFE230AD-7FA7-484B-BB53-724515B8D14A}.Debug|Any CPU.ActiveCfg = Debug|Any CPU
		{AFE230AD-7FA7-484B-BB53-724515B8D14A}.Debug|Any CPU.Build.0 = Debug|Any CPU
		{AFE230AD-7FA7-484B-BB53-724515B8D14A}.Release|Any CPU.ActiveCfg = Release|Any CPU
		{AFE230AD-7FA7-484B-BB53-724515B8D14A}.Release|Any CPU.Build.0 = Release|Any CPU
		{C9021681-1BE5-43A2-A407-DC7631120C51}.Debug|Any CPU.ActiveCfg = Debug|Any CPU
		{C9021681-1BE5-43A2-A407-DC7631120C51}.Debug|Any CPU.Build.0 = Debug|Any CPU
		{C9021681-1BE5-43A2-A407-DC7631120C51}.Release|Any CPU.ActiveCfg = Release|Any CPU
		{C9021681-1BE5-43A2-A407-DC7631120C51}.Release|Any CPU.Build.0 = Release|Any CPU
		{93A86182-9E2B-4C51-B576-6AAC3C2C2241}.Debug|Any CPU.ActiveCfg = Debug|Any CPU
		{93A86182-9E2B-4C51-B576-6AAC3C2C2241}.Debug|Any CPU.Build.0 = Debug|Any CPU
		{93A86182-9E2B-4C51-B576-6AAC3C2C2241}.Release|Any CPU.ActiveCfg = Release|Any CPU
		{93A86182-9E2B-4C51-B576-6AAC3C2C2241}.Release|Any CPU.Build.0 = Release|Any CPU
		{103E789D-F2B0-4AF2-AFB1-E0294DC8A2E1}.Debug|Any CPU.ActiveCfg = Debug|Any CPU
		{103E789D-F2B0-4AF2-AFB1-E0294DC8A2E1}.Debug|Any CPU.Build.0 = Debug|Any CPU
		{103E789D-F2B0-4AF2-AFB1-E0294DC8A2E1}.Release|Any CPU.ActiveCfg = Release|Any CPU
		{103E789D-F2B0-4AF2-AFB1-E0294DC8A2E1}.Release|Any CPU.Build.0 = Release|Any CPU
		{213429B4-8795-45E9-BAF9-E6159E81B9CD}.Debug|Any CPU.ActiveCfg = Debug|Any CPU
		{213429B4-8795-45E9-BAF9-E6159E81B9CD}.Debug|Any CPU.Build.0 = Debug|Any CPU
		{213429B4-8795-45E9-BAF9-E6159E81B9CD}.Release|Any CPU.ActiveCfg = Release|Any CPU
		{213429B4-8795-45E9-BAF9-E6159E81B9CD}.Release|Any CPU.Build.0 = Release|Any CPU
		{1A9B3D42-6DC8-4E45-873F-EEDE3B7015C3}.Debug|Any CPU.ActiveCfg = Debug|Any CPU
		{1A9B3D42-6DC8-4E45-873F-EEDE3B7015C3}.Debug|Any CPU.Build.0 = Debug|Any CPU
		{1A9B3D42-6DC8-4E45-873F-EEDE3B7015C3}.Release|Any CPU.ActiveCfg = Release|Any CPU
		{1A9B3D42-6DC8-4E45-873F-EEDE3B7015C3}.Release|Any CPU.Build.0 = Release|Any CPU
		{D81CB7DA-5FCF-4C89-8378-313ACFD24F3E}.Debug|Any CPU.ActiveCfg = Debug|Any CPU
		{D81CB7DA-5FCF-4C89-8378-313ACFD24F3E}.Debug|Any CPU.Build.0 = Debug|Any CPU
		{D81CB7DA-5FCF-4C89-8378-313ACFD24F3E}.Release|Any CPU.ActiveCfg = Release|Any CPU
		{D81CB7DA-5FCF-4C89-8378-313ACFD24F3E}.Release|Any CPU.Build.0 = Release|Any CPU
		{20564F80-2BA9-4385-8337-9BD818147149}.Debug|Any CPU.ActiveCfg = Debug|Any CPU
		{20564F80-2BA9-4385-8337-9BD818147149}.Debug|Any CPU.Build.0 = Debug|Any CPU
		{20564F80-2BA9-4385-8337-9BD818147149}.Release|Any CPU.ActiveCfg = Release|Any CPU
		{20564F80-2BA9-4385-8337-9BD818147149}.Release|Any CPU.Build.0 = Release|Any CPU
		{F297535F-8585-4F5E-9C5A-051113BB21EE}.Debug|Any CPU.ActiveCfg = Debug|Any CPU
		{F297535F-8585-4F5E-9C5A-051113BB21EE}.Debug|Any CPU.Build.0 = Debug|Any CPU
		{F297535F-8585-4F5E-9C5A-051113BB21EE}.Release|Any CPU.ActiveCfg = Release|Any CPU
		{F297535F-8585-4F5E-9C5A-051113BB21EE}.Release|Any CPU.Build.0 = Release|Any CPU
		{BF518153-2940-4FBC-8ABE-4783BAF4F108}.Debug|Any CPU.ActiveCfg = Debug|Any CPU
		{BF518153-2940-4FBC-8ABE-4783BAF4F108}.Debug|Any CPU.Build.0 = Debug|Any CPU
		{BF518153-2940-4FBC-8ABE-4783BAF4F108}.Release|Any CPU.ActiveCfg = Release|Any CPU
		{BF518153-2940-4FBC-8ABE-4783BAF4F108}.Release|Any CPU.Build.0 = Release|Any CPU
		{A49D7687-343D-4D6F-BDE9-88104104E68C}.Debug|Any CPU.ActiveCfg = Debug|Any CPU
		{A49D7687-343D-4D6F-BDE9-88104104E68C}.Debug|Any CPU.Build.0 = Debug|Any CPU
		{A49D7687-343D-4D6F-BDE9-88104104E68C}.Release|Any CPU.ActiveCfg = Release|Any CPU
		{A49D7687-343D-4D6F-BDE9-88104104E68C}.Release|Any CPU.Build.0 = Release|Any CPU
		{173E256F-5734-432D-87F3-08196D3E092D}.Debug|Any CPU.ActiveCfg = Debug|Any CPU
		{173E256F-5734-432D-87F3-08196D3E092D}.Debug|Any CPU.Build.0 = Debug|Any CPU
		{173E256F-5734-432D-87F3-08196D3E092D}.Release|Any CPU.ActiveCfg = Release|Any CPU
		{173E256F-5734-432D-87F3-08196D3E092D}.Release|Any CPU.Build.0 = Release|Any CPU
		{6F51C3C3-52E9-4138-8D0E-1D69BC4EE775}.Debug|Any CPU.ActiveCfg = Debug|Any CPU
		{6F51C3C3-52E9-4138-8D0E-1D69BC4EE775}.Debug|Any CPU.Build.0 = Debug|Any CPU
		{6F51C3C3-52E9-4138-8D0E-1D69BC4EE775}.Release|Any CPU.ActiveCfg = Release|Any CPU
		{6F51C3C3-52E9-4138-8D0E-1D69BC4EE775}.Release|Any CPU.Build.0 = Release|Any CPU
		{F373CAD9-F3D2-42B5-9A17-C40069334AAA}.Debug|Any CPU.ActiveCfg = Debug|Any CPU
		{F373CAD9-F3D2-42B5-9A17-C40069334AAA}.Debug|Any CPU.Build.0 = Debug|Any CPU
		{F373CAD9-F3D2-42B5-9A17-C40069334AAA}.Release|Any CPU.ActiveCfg = Release|Any CPU
		{F373CAD9-F3D2-42B5-9A17-C40069334AAA}.Release|Any CPU.Build.0 = Release|Any CPU
		{674C0E5A-BBB4-4CD0-9429-AF41E1A6DC01}.Debug|Any CPU.ActiveCfg = Debug|Any CPU
		{674C0E5A-BBB4-4CD0-9429-AF41E1A6DC01}.Debug|Any CPU.Build.0 = Debug|Any CPU
		{674C0E5A-BBB4-4CD0-9429-AF41E1A6DC01}.Release|Any CPU.ActiveCfg = Release|Any CPU
		{674C0E5A-BBB4-4CD0-9429-AF41E1A6DC01}.Release|Any CPU.Build.0 = Release|Any CPU
		{4CB71FB0-C794-492A-9013-D12C4523066B}.Debug|Any CPU.ActiveCfg = Debug|Any CPU
		{4CB71FB0-C794-492A-9013-D12C4523066B}.Debug|Any CPU.Build.0 = Debug|Any CPU
		{4CB71FB0-C794-492A-9013-D12C4523066B}.Release|Any CPU.ActiveCfg = Release|Any CPU
		{4CB71FB0-C794-492A-9013-D12C4523066B}.Release|Any CPU.Build.0 = Release|Any CPU
		{7F6EC2D8-E804-4640-B04A-20BB2EBB5958}.Debug|Any CPU.ActiveCfg = Debug|Any CPU
		{7F6EC2D8-E804-4640-B04A-20BB2EBB5958}.Debug|Any CPU.Build.0 = Debug|Any CPU
		{7F6EC2D8-E804-4640-B04A-20BB2EBB5958}.Release|Any CPU.ActiveCfg = Release|Any CPU
		{7F6EC2D8-E804-4640-B04A-20BB2EBB5958}.Release|Any CPU.Build.0 = Release|Any CPU
		{14ECCF38-64F4-4DB9-9081-AA0B4D08BF68}.Debug|Any CPU.ActiveCfg = Debug|Any CPU
		{14ECCF38-64F4-4DB9-9081-AA0B4D08BF68}.Debug|Any CPU.Build.0 = Debug|Any CPU
		{14ECCF38-64F4-4DB9-9081-AA0B4D08BF68}.Release|Any CPU.ActiveCfg = Release|Any CPU
		{14ECCF38-64F4-4DB9-9081-AA0B4D08BF68}.Release|Any CPU.Build.0 = Release|Any CPU
		{5DD7EFED-311E-4B95-8C39-342A337FA798}.Debug|Any CPU.ActiveCfg = Debug|Any CPU
		{5DD7EFED-311E-4B95-8C39-342A337FA798}.Debug|Any CPU.Build.0 = Debug|Any CPU
		{5DD7EFED-311E-4B95-8C39-342A337FA798}.Release|Any CPU.ActiveCfg = Release|Any CPU
		{5DD7EFED-311E-4B95-8C39-342A337FA798}.Release|Any CPU.Build.0 = Release|Any CPU
		{1B4CEE4A-E0F6-4EC3-A4F2-16C6590926DC}.Debug|Any CPU.ActiveCfg = Debug|Any CPU
		{1B4CEE4A-E0F6-4EC3-A4F2-16C6590926DC}.Debug|Any CPU.Build.0 = Debug|Any CPU
		{1B4CEE4A-E0F6-4EC3-A4F2-16C6590926DC}.Release|Any CPU.ActiveCfg = Release|Any CPU
		{1B4CEE4A-E0F6-4EC3-A4F2-16C6590926DC}.Release|Any CPU.Build.0 = Release|Any CPU
		{0B0C2C4D-B3B7-48FB-9AB6-2E7372A5A463}.Debug|Any CPU.ActiveCfg = Debug|Any CPU
		{0B0C2C4D-B3B7-48FB-9AB6-2E7372A5A463}.Debug|Any CPU.Build.0 = Debug|Any CPU
		{0B0C2C4D-B3B7-48FB-9AB6-2E7372A5A463}.Release|Any CPU.ActiveCfg = Release|Any CPU
		{0B0C2C4D-B3B7-48FB-9AB6-2E7372A5A463}.Release|Any CPU.Build.0 = Release|Any CPU
		{64F00E47-8F32-4C99-BAB8-1AB8BA9D5189}.Debug|Any CPU.ActiveCfg = Debug|Any CPU
		{64F00E47-8F32-4C99-BAB8-1AB8BA9D5189}.Debug|Any CPU.Build.0 = Debug|Any CPU
		{64F00E47-8F32-4C99-BAB8-1AB8BA9D5189}.Release|Any CPU.ActiveCfg = Release|Any CPU
		{64F00E47-8F32-4C99-BAB8-1AB8BA9D5189}.Release|Any CPU.Build.0 = Release|Any CPU
		{190FE141-EDAC-436C-9BF6-746D260B46DC}.Debug|Any CPU.ActiveCfg = Debug|Any CPU
		{190FE141-EDAC-436C-9BF6-746D260B46DC}.Debug|Any CPU.Build.0 = Debug|Any CPU
		{190FE141-EDAC-436C-9BF6-746D260B46DC}.Release|Any CPU.ActiveCfg = Release|Any CPU
		{190FE141-EDAC-436C-9BF6-746D260B46DC}.Release|Any CPU.Build.0 = Release|Any CPU
		{EB95A2D4-F2ED-4114-9FDB-99EF6B115DFD}.Debug|Any CPU.ActiveCfg = Debug|Any CPU
		{EB95A2D4-F2ED-4114-9FDB-99EF6B115DFD}.Debug|Any CPU.Build.0 = Debug|Any CPU
		{EB95A2D4-F2ED-4114-9FDB-99EF6B115DFD}.Release|Any CPU.ActiveCfg = Release|Any CPU
		{EB95A2D4-F2ED-4114-9FDB-99EF6B115DFD}.Release|Any CPU.Build.0 = Release|Any CPU
		{165D8264-DCB6-41DB-AB10-114AA204CFEC}.Debug|Any CPU.ActiveCfg = Debug|Any CPU
		{165D8264-DCB6-41DB-AB10-114AA204CFEC}.Debug|Any CPU.Build.0 = Debug|Any CPU
		{165D8264-DCB6-41DB-AB10-114AA204CFEC}.Release|Any CPU.ActiveCfg = Release|Any CPU
		{165D8264-DCB6-41DB-AB10-114AA204CFEC}.Release|Any CPU.Build.0 = Release|Any CPU
		{2D213DB9-0447-44CB-B2A3-E9EF3B0FE247}.Debug|Any CPU.ActiveCfg = Debug|Any CPU
		{2D213DB9-0447-44CB-B2A3-E9EF3B0FE247}.Debug|Any CPU.Build.0 = Debug|Any CPU
		{2D213DB9-0447-44CB-B2A3-E9EF3B0FE247}.Release|Any CPU.ActiveCfg = Release|Any CPU
		{2D213DB9-0447-44CB-B2A3-E9EF3B0FE247}.Release|Any CPU.Build.0 = Release|Any CPU
		{059498C5-08FB-4B29-A1E8-2987408970E2}.Debug|Any CPU.ActiveCfg = Debug|Any CPU
		{059498C5-08FB-4B29-A1E8-2987408970E2}.Debug|Any CPU.Build.0 = Debug|Any CPU
		{059498C5-08FB-4B29-A1E8-2987408970E2}.Release|Any CPU.ActiveCfg = Release|Any CPU
		{059498C5-08FB-4B29-A1E8-2987408970E2}.Release|Any CPU.Build.0 = Release|Any CPU
		{35473D7E-BBE1-4345-9AEA-0821A08B72D6}.Debug|Any CPU.ActiveCfg = Debug|Any CPU
		{35473D7E-BBE1-4345-9AEA-0821A08B72D6}.Debug|Any CPU.Build.0 = Debug|Any CPU
		{35473D7E-BBE1-4345-9AEA-0821A08B72D6}.Release|Any CPU.ActiveCfg = Release|Any CPU
		{35473D7E-BBE1-4345-9AEA-0821A08B72D6}.Release|Any CPU.Build.0 = Release|Any CPU
		{1EF3155F-034C-40AD-B3FE-27D1F485BF6C}.Debug|Any CPU.ActiveCfg = Debug|Any CPU
		{1EF3155F-034C-40AD-B3FE-27D1F485BF6C}.Debug|Any CPU.Build.0 = Debug|Any CPU
		{1EF3155F-034C-40AD-B3FE-27D1F485BF6C}.Release|Any CPU.ActiveCfg = Release|Any CPU
		{1EF3155F-034C-40AD-B3FE-27D1F485BF6C}.Release|Any CPU.Build.0 = Release|Any CPU
		{3FD0D8A0-2934-4EF3-917D-CEFF7C85340C}.Debug|Any CPU.ActiveCfg = Debug|Any CPU
		{3FD0D8A0-2934-4EF3-917D-CEFF7C85340C}.Debug|Any CPU.Build.0 = Debug|Any CPU
		{3FD0D8A0-2934-4EF3-917D-CEFF7C85340C}.Release|Any CPU.ActiveCfg = Release|Any CPU
		{3FD0D8A0-2934-4EF3-917D-CEFF7C85340C}.Release|Any CPU.Build.0 = Release|Any CPU
		{D34A199C-15C6-4267-AAC4-CAD3008E6833}.Debug|Any CPU.ActiveCfg = Debug|Any CPU
		{D34A199C-15C6-4267-AAC4-CAD3008E6833}.Debug|Any CPU.Build.0 = Debug|Any CPU
		{D34A199C-15C6-4267-AAC4-CAD3008E6833}.Release|Any CPU.ActiveCfg = Release|Any CPU
		{D34A199C-15C6-4267-AAC4-CAD3008E6833}.Release|Any CPU.Build.0 = Release|Any CPU
		{C14505BD-14C9-4AA4-871C-EDE53B0FC2B2}.Debug|Any CPU.ActiveCfg = Debug|Any CPU
		{C14505BD-14C9-4AA4-871C-EDE53B0FC2B2}.Debug|Any CPU.Build.0 = Debug|Any CPU
		{C14505BD-14C9-4AA4-871C-EDE53B0FC2B2}.Release|Any CPU.ActiveCfg = Release|Any CPU
		{C14505BD-14C9-4AA4-871C-EDE53B0FC2B2}.Release|Any CPU.Build.0 = Release|Any CPU
		{1777F0FB-E79A-4DD8-85D2-611D64F85EAD}.Debug|Any CPU.ActiveCfg = Debug|Any CPU
		{1777F0FB-E79A-4DD8-85D2-611D64F85EAD}.Debug|Any CPU.Build.0 = Debug|Any CPU
		{1777F0FB-E79A-4DD8-85D2-611D64F85EAD}.Release|Any CPU.ActiveCfg = Release|Any CPU
		{1777F0FB-E79A-4DD8-85D2-611D64F85EAD}.Release|Any CPU.Build.0 = Release|Any CPU
		{70128571-BDB0-40A1-8FA5-08E70E0B4BF1}.Debug|Any CPU.ActiveCfg = Debug|Any CPU
		{70128571-BDB0-40A1-8FA5-08E70E0B4BF1}.Debug|Any CPU.Build.0 = Debug|Any CPU
		{70128571-BDB0-40A1-8FA5-08E70E0B4BF1}.Release|Any CPU.ActiveCfg = Release|Any CPU
		{70128571-BDB0-40A1-8FA5-08E70E0B4BF1}.Release|Any CPU.Build.0 = Release|Any CPU
		{403436F3-65A6-4DCF-BFEE-DA86A205FB08}.Debug|Any CPU.ActiveCfg = Debug|Any CPU
		{403436F3-65A6-4DCF-BFEE-DA86A205FB08}.Debug|Any CPU.Build.0 = Debug|Any CPU
		{403436F3-65A6-4DCF-BFEE-DA86A205FB08}.Release|Any CPU.ActiveCfg = Release|Any CPU
		{403436F3-65A6-4DCF-BFEE-DA86A205FB08}.Release|Any CPU.Build.0 = Release|Any CPU
		{E34E01FA-DB80-4070-B7FC-EF82B77F5068}.Debug|Any CPU.ActiveCfg = Debug|Any CPU
		{E34E01FA-DB80-4070-B7FC-EF82B77F5068}.Debug|Any CPU.Build.0 = Debug|Any CPU
		{E34E01FA-DB80-4070-B7FC-EF82B77F5068}.Release|Any CPU.ActiveCfg = Release|Any CPU
		{E34E01FA-DB80-4070-B7FC-EF82B77F5068}.Release|Any CPU.Build.0 = Release|Any CPU
		{7C076769-C2DD-4E88-80F1-8D9714249CBA}.Debug|Any CPU.ActiveCfg = Debug|Any CPU
		{7C076769-C2DD-4E88-80F1-8D9714249CBA}.Debug|Any CPU.Build.0 = Debug|Any CPU
		{7C076769-C2DD-4E88-80F1-8D9714249CBA}.Release|Any CPU.ActiveCfg = Release|Any CPU
		{7C076769-C2DD-4E88-80F1-8D9714249CBA}.Release|Any CPU.Build.0 = Release|Any CPU
		{6E0583D9-76E3-4E71-BE46-A00EC3F8D729}.Debug|Any CPU.ActiveCfg = Debug|Any CPU
		{6E0583D9-76E3-4E71-BE46-A00EC3F8D729}.Debug|Any CPU.Build.0 = Debug|Any CPU
		{6E0583D9-76E3-4E71-BE46-A00EC3F8D729}.Release|Any CPU.ActiveCfg = Release|Any CPU
		{6E0583D9-76E3-4E71-BE46-A00EC3F8D729}.Release|Any CPU.Build.0 = Release|Any CPU
		{C91C6FF1-9CBD-4A00-BB79-1F237EDC1263}.Debug|Any CPU.ActiveCfg = Debug|Any CPU
		{C91C6FF1-9CBD-4A00-BB79-1F237EDC1263}.Debug|Any CPU.Build.0 = Debug|Any CPU
		{C91C6FF1-9CBD-4A00-BB79-1F237EDC1263}.Release|Any CPU.ActiveCfg = Release|Any CPU
		{C91C6FF1-9CBD-4A00-BB79-1F237EDC1263}.Release|Any CPU.Build.0 = Release|Any CPU
		{B6391606-3147-414D-BC59-002342D2DCEF}.Debug|Any CPU.ActiveCfg = Debug|Any CPU
		{B6391606-3147-414D-BC59-002342D2DCEF}.Debug|Any CPU.Build.0 = Debug|Any CPU
		{B6391606-3147-414D-BC59-002342D2DCEF}.Release|Any CPU.ActiveCfg = Release|Any CPU
		{B6391606-3147-414D-BC59-002342D2DCEF}.Release|Any CPU.Build.0 = Release|Any CPU
		{4E88FE26-4866-47C5-92CA-D2840C970826}.Debug|Any CPU.ActiveCfg = Debug|Any CPU
		{4E88FE26-4866-47C5-92CA-D2840C970826}.Debug|Any CPU.Build.0 = Debug|Any CPU
		{4E88FE26-4866-47C5-92CA-D2840C970826}.Release|Any CPU.ActiveCfg = Release|Any CPU
		{4E88FE26-4866-47C5-92CA-D2840C970826}.Release|Any CPU.Build.0 = Release|Any CPU
		{8E20E4C7-FE27-484B-85EB-433880D4330C}.Debug|Any CPU.ActiveCfg = Debug|Any CPU
		{8E20E4C7-FE27-484B-85EB-433880D4330C}.Debug|Any CPU.Build.0 = Debug|Any CPU
		{8E20E4C7-FE27-484B-85EB-433880D4330C}.Release|Any CPU.ActiveCfg = Release|Any CPU
		{8E20E4C7-FE27-484B-85EB-433880D4330C}.Release|Any CPU.Build.0 = Release|Any CPU
		{E66E54E4-AFEF-4048-B364-1F376CEB9689}.Debug|Any CPU.ActiveCfg = Debug|Any CPU
		{E66E54E4-AFEF-4048-B364-1F376CEB9689}.Debug|Any CPU.Build.0 = Debug|Any CPU
		{E66E54E4-AFEF-4048-B364-1F376CEB9689}.Release|Any CPU.ActiveCfg = Release|Any CPU
		{E66E54E4-AFEF-4048-B364-1F376CEB9689}.Release|Any CPU.Build.0 = Release|Any CPU
		{B523EBCD-9CAB-4D37-BF4F-63D1C8CCBC3A}.Debug|Any CPU.ActiveCfg = Debug|Any CPU
		{B523EBCD-9CAB-4D37-BF4F-63D1C8CCBC3A}.Debug|Any CPU.Build.0 = Debug|Any CPU
		{B523EBCD-9CAB-4D37-BF4F-63D1C8CCBC3A}.Release|Any CPU.ActiveCfg = Release|Any CPU
		{B523EBCD-9CAB-4D37-BF4F-63D1C8CCBC3A}.Release|Any CPU.Build.0 = Release|Any CPU
		{6484DA0F-9253-407A-858F-51E2613B5346}.Debug|Any CPU.ActiveCfg = Debug|Any CPU
		{6484DA0F-9253-407A-858F-51E2613B5346}.Debug|Any CPU.Build.0 = Debug|Any CPU
		{6484DA0F-9253-407A-858F-51E2613B5346}.Release|Any CPU.ActiveCfg = Release|Any CPU
		{6484DA0F-9253-407A-858F-51E2613B5346}.Release|Any CPU.Build.0 = Release|Any CPU
		{3E486266-2FEC-4ED3-BA58-A87085F118F3}.Debug|Any CPU.ActiveCfg = Debug|Any CPU
		{3E486266-2FEC-4ED3-BA58-A87085F118F3}.Debug|Any CPU.Build.0 = Debug|Any CPU
		{3E486266-2FEC-4ED3-BA58-A87085F118F3}.Release|Any CPU.ActiveCfg = Release|Any CPU
		{3E486266-2FEC-4ED3-BA58-A87085F118F3}.Release|Any CPU.Build.0 = Release|Any CPU
		{F0DA0274-42B6-455D-BAA5-196B6BF04569}.Debug|Any CPU.ActiveCfg = Debug|Any CPU
		{F0DA0274-42B6-455D-BAA5-196B6BF04569}.Debug|Any CPU.Build.0 = Debug|Any CPU
		{F0DA0274-42B6-455D-BAA5-196B6BF04569}.Release|Any CPU.ActiveCfg = Release|Any CPU
		{F0DA0274-42B6-455D-BAA5-196B6BF04569}.Release|Any CPU.Build.0 = Release|Any CPU
		{14EAC91F-5F57-47CD-9B8D-182979CC2479}.Debug|Any CPU.ActiveCfg = Debug|Any CPU
		{14EAC91F-5F57-47CD-9B8D-182979CC2479}.Debug|Any CPU.Build.0 = Debug|Any CPU
		{14EAC91F-5F57-47CD-9B8D-182979CC2479}.Release|Any CPU.ActiveCfg = Release|Any CPU
		{14EAC91F-5F57-47CD-9B8D-182979CC2479}.Release|Any CPU.Build.0 = Release|Any CPU
		{22A247E1-918B-4912-B226-F8F49C776DCB}.Debug|Any CPU.ActiveCfg = Debug|Any CPU
		{22A247E1-918B-4912-B226-F8F49C776DCB}.Debug|Any CPU.Build.0 = Debug|Any CPU
		{22A247E1-918B-4912-B226-F8F49C776DCB}.Release|Any CPU.ActiveCfg = Release|Any CPU
		{22A247E1-918B-4912-B226-F8F49C776DCB}.Release|Any CPU.Build.0 = Release|Any CPU
		{816BF417-4312-462C-BD55-4538A848A933}.Debug|Any CPU.ActiveCfg = Debug|Any CPU
		{816BF417-4312-462C-BD55-4538A848A933}.Debug|Any CPU.Build.0 = Debug|Any CPU
		{816BF417-4312-462C-BD55-4538A848A933}.Release|Any CPU.ActiveCfg = Release|Any CPU
		{816BF417-4312-462C-BD55-4538A848A933}.Release|Any CPU.Build.0 = Release|Any CPU
		{D44DF03E-E66E-4CD6-8B91-8D47648E117E}.Debug|Any CPU.ActiveCfg = Debug|Any CPU
		{D44DF03E-E66E-4CD6-8B91-8D47648E117E}.Debug|Any CPU.Build.0 = Debug|Any CPU
		{D44DF03E-E66E-4CD6-8B91-8D47648E117E}.Release|Any CPU.ActiveCfg = Release|Any CPU
		{D44DF03E-E66E-4CD6-8B91-8D47648E117E}.Release|Any CPU.Build.0 = Release|Any CPU
		{5C1F8D88-FD71-406D-B75E-03C09564DEAB}.Debug|Any CPU.ActiveCfg = Debug|Any CPU
		{5C1F8D88-FD71-406D-B75E-03C09564DEAB}.Debug|Any CPU.Build.0 = Debug|Any CPU
		{5C1F8D88-FD71-406D-B75E-03C09564DEAB}.Release|Any CPU.ActiveCfg = Release|Any CPU
		{5C1F8D88-FD71-406D-B75E-03C09564DEAB}.Release|Any CPU.Build.0 = Release|Any CPU
		{AF74DCB2-562D-4BDD-81DD-936A052AAB3C}.Debug|Any CPU.ActiveCfg = Debug|Any CPU
		{AF74DCB2-562D-4BDD-81DD-936A052AAB3C}.Debug|Any CPU.Build.0 = Debug|Any CPU
		{AF74DCB2-562D-4BDD-81DD-936A052AAB3C}.Release|Any CPU.ActiveCfg = Release|Any CPU
		{AF74DCB2-562D-4BDD-81DD-936A052AAB3C}.Release|Any CPU.Build.0 = Release|Any CPU
		{2E445A1F-4FD3-4E8B-AD73-4A6379FA93DC}.Debug|Any CPU.ActiveCfg = Debug|Any CPU
		{2E445A1F-4FD3-4E8B-AD73-4A6379FA93DC}.Debug|Any CPU.Build.0 = Debug|Any CPU
		{2E445A1F-4FD3-4E8B-AD73-4A6379FA93DC}.Release|Any CPU.ActiveCfg = Release|Any CPU
		{2E445A1F-4FD3-4E8B-AD73-4A6379FA93DC}.Release|Any CPU.Build.0 = Release|Any CPU
		{ACE0FC16-AFBA-4313-B27A-25781BDBBCC4}.Debug|Any CPU.ActiveCfg = Debug|Any CPU
		{ACE0FC16-AFBA-4313-B27A-25781BDBBCC4}.Debug|Any CPU.Build.0 = Debug|Any CPU
		{ACE0FC16-AFBA-4313-B27A-25781BDBBCC4}.Release|Any CPU.ActiveCfg = Release|Any CPU
		{ACE0FC16-AFBA-4313-B27A-25781BDBBCC4}.Release|Any CPU.Build.0 = Release|Any CPU
		{C6C3AF89-C355-418F-BE9B-F0AB1FB086B0}.Debug|Any CPU.ActiveCfg = Debug|Any CPU
		{C6C3AF89-C355-418F-BE9B-F0AB1FB086B0}.Debug|Any CPU.Build.0 = Debug|Any CPU
		{C6C3AF89-C355-418F-BE9B-F0AB1FB086B0}.Release|Any CPU.ActiveCfg = Release|Any CPU
		{C6C3AF89-C355-418F-BE9B-F0AB1FB086B0}.Release|Any CPU.Build.0 = Release|Any CPU
		{C1A0BB33-89D5-49E9-8BB1-968B3122190A}.Debug|Any CPU.ActiveCfg = Debug|Any CPU
		{C1A0BB33-89D5-49E9-8BB1-968B3122190A}.Debug|Any CPU.Build.0 = Debug|Any CPU
		{C1A0BB33-89D5-49E9-8BB1-968B3122190A}.Release|Any CPU.ActiveCfg = Release|Any CPU
		{C1A0BB33-89D5-49E9-8BB1-968B3122190A}.Release|Any CPU.Build.0 = Release|Any CPU
		{5EE8B1D0-6854-443F-AF11-8FB56986717F}.Debug|Any CPU.ActiveCfg = Debug|Any CPU
		{5EE8B1D0-6854-443F-AF11-8FB56986717F}.Debug|Any CPU.Build.0 = Debug|Any CPU
		{5EE8B1D0-6854-443F-AF11-8FB56986717F}.Release|Any CPU.ActiveCfg = Release|Any CPU
		{5EE8B1D0-6854-443F-AF11-8FB56986717F}.Release|Any CPU.Build.0 = Release|Any CPU
		{90A33469-7DC3-4193-9B87-3F3F5664AB24}.Debug|Any CPU.ActiveCfg = Debug|Any CPU
		{90A33469-7DC3-4193-9B87-3F3F5664AB24}.Debug|Any CPU.Build.0 = Debug|Any CPU
		{90A33469-7DC3-4193-9B87-3F3F5664AB24}.Release|Any CPU.ActiveCfg = Release|Any CPU
		{90A33469-7DC3-4193-9B87-3F3F5664AB24}.Release|Any CPU.Build.0 = Release|Any CPU
		{0AE29DBF-0619-444D-9DAD-638394C16866}.Debug|Any CPU.ActiveCfg = Debug|Any CPU
		{0AE29DBF-0619-444D-9DAD-638394C16866}.Debug|Any CPU.Build.0 = Debug|Any CPU
		{0AE29DBF-0619-444D-9DAD-638394C16866}.Release|Any CPU.ActiveCfg = Release|Any CPU
		{0AE29DBF-0619-444D-9DAD-638394C16866}.Release|Any CPU.Build.0 = Release|Any CPU
		{81CDF5D3-6AA6-4E09-96D3-E2CD3545400D}.Debug|Any CPU.ActiveCfg = Debug|Any CPU
		{81CDF5D3-6AA6-4E09-96D3-E2CD3545400D}.Debug|Any CPU.Build.0 = Debug|Any CPU
		{81CDF5D3-6AA6-4E09-96D3-E2CD3545400D}.Release|Any CPU.ActiveCfg = Release|Any CPU
		{81CDF5D3-6AA6-4E09-96D3-E2CD3545400D}.Release|Any CPU.Build.0 = Release|Any CPU
		{F4FB7133-73AF-4865-BDD8-AB7D87515109}.Debug|Any CPU.ActiveCfg = Debug|Any CPU
		{F4FB7133-73AF-4865-BDD8-AB7D87515109}.Debug|Any CPU.Build.0 = Debug|Any CPU
		{F4FB7133-73AF-4865-BDD8-AB7D87515109}.Release|Any CPU.ActiveCfg = Release|Any CPU
		{F4FB7133-73AF-4865-BDD8-AB7D87515109}.Release|Any CPU.Build.0 = Release|Any CPU
		{7C569A0E-1B69-41E2-8870-6DFE29814C73}.Debug|Any CPU.ActiveCfg = Debug|Any CPU
		{7C569A0E-1B69-41E2-8870-6DFE29814C73}.Debug|Any CPU.Build.0 = Debug|Any CPU
		{7C569A0E-1B69-41E2-8870-6DFE29814C73}.Release|Any CPU.ActiveCfg = Release|Any CPU
		{7C569A0E-1B69-41E2-8870-6DFE29814C73}.Release|Any CPU.Build.0 = Release|Any CPU
		{9174C399-0FEC-4747-AB06-47D6AE4AFC3C}.Debug|Any CPU.ActiveCfg = Debug|Any CPU
		{9174C399-0FEC-4747-AB06-47D6AE4AFC3C}.Debug|Any CPU.Build.0 = Debug|Any CPU
		{9174C399-0FEC-4747-AB06-47D6AE4AFC3C}.Release|Any CPU.ActiveCfg = Release|Any CPU
		{9174C399-0FEC-4747-AB06-47D6AE4AFC3C}.Release|Any CPU.Build.0 = Release|Any CPU
		{68447C83-2962-4EE9-8EA4-0EAC95875672}.Debug|Any CPU.ActiveCfg = Debug|Any CPU
		{68447C83-2962-4EE9-8EA4-0EAC95875672}.Debug|Any CPU.Build.0 = Debug|Any CPU
		{68447C83-2962-4EE9-8EA4-0EAC95875672}.Release|Any CPU.ActiveCfg = Release|Any CPU
		{68447C83-2962-4EE9-8EA4-0EAC95875672}.Release|Any CPU.Build.0 = Release|Any CPU
		{91521B45-992E-4010-B6F7-81BE40955BA1}.Debug|Any CPU.ActiveCfg = Debug|Any CPU
		{91521B45-992E-4010-B6F7-81BE40955BA1}.Debug|Any CPU.Build.0 = Debug|Any CPU
		{91521B45-992E-4010-B6F7-81BE40955BA1}.Release|Any CPU.ActiveCfg = Release|Any CPU
		{91521B45-992E-4010-B6F7-81BE40955BA1}.Release|Any CPU.Build.0 = Release|Any CPU
		{93D30554-6FD5-4A88-AC68-40BC44A6D4E3}.Debug|Any CPU.ActiveCfg = Debug|Any CPU
		{93D30554-6FD5-4A88-AC68-40BC44A6D4E3}.Debug|Any CPU.Build.0 = Debug|Any CPU
		{93D30554-6FD5-4A88-AC68-40BC44A6D4E3}.Release|Any CPU.ActiveCfg = Release|Any CPU
		{93D30554-6FD5-4A88-AC68-40BC44A6D4E3}.Release|Any CPU.Build.0 = Release|Any CPU
		{51FBE03B-95F6-4D7D-AFF9-8795B849A62D}.Debug|Any CPU.ActiveCfg = Debug|Any CPU
		{51FBE03B-95F6-4D7D-AFF9-8795B849A62D}.Debug|Any CPU.Build.0 = Debug|Any CPU
		{51FBE03B-95F6-4D7D-AFF9-8795B849A62D}.Release|Any CPU.ActiveCfg = Release|Any CPU
		{51FBE03B-95F6-4D7D-AFF9-8795B849A62D}.Release|Any CPU.Build.0 = Release|Any CPU
		{B9C3337C-EE33-49D3-9461-46D100B84E5E}.Debug|Any CPU.ActiveCfg = Debug|Any CPU
		{B9C3337C-EE33-49D3-9461-46D100B84E5E}.Debug|Any CPU.Build.0 = Debug|Any CPU
		{B9C3337C-EE33-49D3-9461-46D100B84E5E}.Release|Any CPU.ActiveCfg = Release|Any CPU
		{B9C3337C-EE33-49D3-9461-46D100B84E5E}.Release|Any CPU.Build.0 = Release|Any CPU
		{4D47454C-682B-4350-AD65-A86F1A661D5E}.Debug|Any CPU.ActiveCfg = Debug|Any CPU
		{4D47454C-682B-4350-AD65-A86F1A661D5E}.Debug|Any CPU.Build.0 = Debug|Any CPU
		{4D47454C-682B-4350-AD65-A86F1A661D5E}.Release|Any CPU.ActiveCfg = Release|Any CPU
		{4D47454C-682B-4350-AD65-A86F1A661D5E}.Release|Any CPU.Build.0 = Release|Any CPU
		{A19A8028-C8E6-4404-8643-2217E88624AD}.Debug|Any CPU.ActiveCfg = Debug|Any CPU
		{A19A8028-C8E6-4404-8643-2217E88624AD}.Debug|Any CPU.Build.0 = Debug|Any CPU
		{A19A8028-C8E6-4404-8643-2217E88624AD}.Release|Any CPU.ActiveCfg = Release|Any CPU
		{A19A8028-C8E6-4404-8643-2217E88624AD}.Release|Any CPU.Build.0 = Release|Any CPU
		{5BA9DA2E-DBB1-40D5-B5F1-722EA1F6F48C}.Debug|Any CPU.ActiveCfg = Debug|Any CPU
		{5BA9DA2E-DBB1-40D5-B5F1-722EA1F6F48C}.Debug|Any CPU.Build.0 = Debug|Any CPU
		{5BA9DA2E-DBB1-40D5-B5F1-722EA1F6F48C}.Release|Any CPU.ActiveCfg = Release|Any CPU
		{5BA9DA2E-DBB1-40D5-B5F1-722EA1F6F48C}.Release|Any CPU.Build.0 = Release|Any CPU
		{84448E77-7B7C-4609-92F9-5590A036417F}.Debug|Any CPU.ActiveCfg = Debug|Any CPU
		{84448E77-7B7C-4609-92F9-5590A036417F}.Debug|Any CPU.Build.0 = Debug|Any CPU
		{84448E77-7B7C-4609-92F9-5590A036417F}.Release|Any CPU.ActiveCfg = Release|Any CPU
		{84448E77-7B7C-4609-92F9-5590A036417F}.Release|Any CPU.Build.0 = Release|Any CPU
		{D22BC143-47C3-4B14-9D96-D89F5535B227}.Debug|Any CPU.ActiveCfg = Debug|Any CPU
		{D22BC143-47C3-4B14-9D96-D89F5535B227}.Debug|Any CPU.Build.0 = Debug|Any CPU
		{D22BC143-47C3-4B14-9D96-D89F5535B227}.Release|Any CPU.ActiveCfg = Release|Any CPU
		{D22BC143-47C3-4B14-9D96-D89F5535B227}.Release|Any CPU.Build.0 = Release|Any CPU
		{68864444-9FF9-44DA-B9B7-F5E7860AD2DB}.Debug|Any CPU.ActiveCfg = Debug|Any CPU
		{68864444-9FF9-44DA-B9B7-F5E7860AD2DB}.Debug|Any CPU.Build.0 = Debug|Any CPU
		{68864444-9FF9-44DA-B9B7-F5E7860AD2DB}.Release|Any CPU.ActiveCfg = Release|Any CPU
		{68864444-9FF9-44DA-B9B7-F5E7860AD2DB}.Release|Any CPU.Build.0 = Release|Any CPU
		{F734AD1D-59AC-4D78-A981-23ACB5F23D12}.Debug|Any CPU.ActiveCfg = Debug|Any CPU
		{F734AD1D-59AC-4D78-A981-23ACB5F23D12}.Debug|Any CPU.Build.0 = Debug|Any CPU
		{F734AD1D-59AC-4D78-A981-23ACB5F23D12}.Release|Any CPU.ActiveCfg = Release|Any CPU
		{F734AD1D-59AC-4D78-A981-23ACB5F23D12}.Release|Any CPU.Build.0 = Release|Any CPU
		{1EA4AD87-7A04-4ACC-B27E-80E805F27D31}.Debug|Any CPU.ActiveCfg = Debug|Any CPU
		{1EA4AD87-7A04-4ACC-B27E-80E805F27D31}.Debug|Any CPU.Build.0 = Debug|Any CPU
		{1EA4AD87-7A04-4ACC-B27E-80E805F27D31}.Release|Any CPU.ActiveCfg = Release|Any CPU
		{1EA4AD87-7A04-4ACC-B27E-80E805F27D31}.Release|Any CPU.Build.0 = Release|Any CPU
		{1071EFA1-B556-4AC3-8EC5-C1EF141CECC9}.Debug|Any CPU.ActiveCfg = Debug|Any CPU
		{1071EFA1-B556-4AC3-8EC5-C1EF141CECC9}.Debug|Any CPU.Build.0 = Debug|Any CPU
		{1071EFA1-B556-4AC3-8EC5-C1EF141CECC9}.Release|Any CPU.ActiveCfg = Release|Any CPU
		{1071EFA1-B556-4AC3-8EC5-C1EF141CECC9}.Release|Any CPU.Build.0 = Release|Any CPU
		{CB5FF178-264D-4A6E-A4FE-8A76C318647E}.Debug|Any CPU.ActiveCfg = Debug|Any CPU
		{CB5FF178-264D-4A6E-A4FE-8A76C318647E}.Debug|Any CPU.Build.0 = Debug|Any CPU
		{CB5FF178-264D-4A6E-A4FE-8A76C318647E}.Release|Any CPU.ActiveCfg = Release|Any CPU
		{CB5FF178-264D-4A6E-A4FE-8A76C318647E}.Release|Any CPU.Build.0 = Release|Any CPU
		{C304EDD9-257F-46F6-AA1E-E9A172FB4A76}.Debug|Any CPU.ActiveCfg = Debug|Any CPU
		{C304EDD9-257F-46F6-AA1E-E9A172FB4A76}.Debug|Any CPU.Build.0 = Debug|Any CPU
		{C304EDD9-257F-46F6-AA1E-E9A172FB4A76}.Release|Any CPU.ActiveCfg = Release|Any CPU
		{C304EDD9-257F-46F6-AA1E-E9A172FB4A76}.Release|Any CPU.Build.0 = Release|Any CPU
		{7CC7611D-DE55-43E7-AA95-9482530AB107}.Debug|Any CPU.ActiveCfg = Debug|Any CPU
		{7CC7611D-DE55-43E7-AA95-9482530AB107}.Debug|Any CPU.Build.0 = Debug|Any CPU
		{7CC7611D-DE55-43E7-AA95-9482530AB107}.Release|Any CPU.ActiveCfg = Release|Any CPU
		{7CC7611D-DE55-43E7-AA95-9482530AB107}.Release|Any CPU.Build.0 = Release|Any CPU
		{403119DA-482B-4391-ADEC-7F85D4A3CD5D}.Debug|Any CPU.ActiveCfg = Debug|Any CPU
		{403119DA-482B-4391-ADEC-7F85D4A3CD5D}.Debug|Any CPU.Build.0 = Debug|Any CPU
		{403119DA-482B-4391-ADEC-7F85D4A3CD5D}.Release|Any CPU.ActiveCfg = Release|Any CPU
		{403119DA-482B-4391-ADEC-7F85D4A3CD5D}.Release|Any CPU.Build.0 = Release|Any CPU
		{671373EE-5FEC-40C8-A24E-B0F66C653B02}.Debug|Any CPU.ActiveCfg = Debug|Any CPU
		{671373EE-5FEC-40C8-A24E-B0F66C653B02}.Debug|Any CPU.Build.0 = Debug|Any CPU
		{671373EE-5FEC-40C8-A24E-B0F66C653B02}.Release|Any CPU.ActiveCfg = Release|Any CPU
		{671373EE-5FEC-40C8-A24E-B0F66C653B02}.Release|Any CPU.Build.0 = Release|Any CPU
		{8720EB68-4CDF-493D-AE58-9241C17B5DB3}.Debug|Any CPU.ActiveCfg = Debug|Any CPU
		{8720EB68-4CDF-493D-AE58-9241C17B5DB3}.Debug|Any CPU.Build.0 = Debug|Any CPU
		{8720EB68-4CDF-493D-AE58-9241C17B5DB3}.Release|Any CPU.ActiveCfg = Release|Any CPU
		{8720EB68-4CDF-493D-AE58-9241C17B5DB3}.Release|Any CPU.Build.0 = Release|Any CPU
		{CBC17095-F1C3-4944-96E2-F74D3C160AA5}.Debug|Any CPU.ActiveCfg = Debug|Any CPU
		{CBC17095-F1C3-4944-96E2-F74D3C160AA5}.Debug|Any CPU.Build.0 = Debug|Any CPU
		{CBC17095-F1C3-4944-96E2-F74D3C160AA5}.Release|Any CPU.ActiveCfg = Release|Any CPU
		{CBC17095-F1C3-4944-96E2-F74D3C160AA5}.Release|Any CPU.Build.0 = Release|Any CPU
		{6C48B888-4D67-4A2D-996E-C1DEE6EDE54E}.Debug|Any CPU.ActiveCfg = Debug|Any CPU
		{6C48B888-4D67-4A2D-996E-C1DEE6EDE54E}.Debug|Any CPU.Build.0 = Debug|Any CPU
		{6C48B888-4D67-4A2D-996E-C1DEE6EDE54E}.Release|Any CPU.ActiveCfg = Release|Any CPU
		{6C48B888-4D67-4A2D-996E-C1DEE6EDE54E}.Release|Any CPU.Build.0 = Release|Any CPU
		{1C477A26-2117-4A4F-B28E-878B369CE1FD}.Debug|Any CPU.ActiveCfg = Debug|Any CPU
		{1C477A26-2117-4A4F-B28E-878B369CE1FD}.Debug|Any CPU.Build.0 = Debug|Any CPU
		{1C477A26-2117-4A4F-B28E-878B369CE1FD}.Release|Any CPU.ActiveCfg = Release|Any CPU
		{1C477A26-2117-4A4F-B28E-878B369CE1FD}.Release|Any CPU.Build.0 = Release|Any CPU
		{2B39EBC1-137F-411E-807A-B858B63182E2}.Debug|Any CPU.ActiveCfg = Debug|Any CPU
		{2B39EBC1-137F-411E-807A-B858B63182E2}.Debug|Any CPU.Build.0 = Debug|Any CPU
		{2B39EBC1-137F-411E-807A-B858B63182E2}.Release|Any CPU.ActiveCfg = Release|Any CPU
		{2B39EBC1-137F-411E-807A-B858B63182E2}.Release|Any CPU.Build.0 = Release|Any CPU
		{9F3F0366-743A-4B7E-81E0-9E2D9F8C96CD}.Debug|Any CPU.ActiveCfg = Debug|Any CPU
		{9F3F0366-743A-4B7E-81E0-9E2D9F8C96CD}.Debug|Any CPU.Build.0 = Debug|Any CPU
		{9F3F0366-743A-4B7E-81E0-9E2D9F8C96CD}.Release|Any CPU.ActiveCfg = Release|Any CPU
		{9F3F0366-743A-4B7E-81E0-9E2D9F8C96CD}.Release|Any CPU.Build.0 = Release|Any CPU
		{CC2DAC0B-0FA0-47F4-8956-06E70E613060}.Debug|Any CPU.ActiveCfg = Debug|Any CPU
		{CC2DAC0B-0FA0-47F4-8956-06E70E613060}.Debug|Any CPU.Build.0 = Debug|Any CPU
		{CC2DAC0B-0FA0-47F4-8956-06E70E613060}.Release|Any CPU.ActiveCfg = Release|Any CPU
		{CC2DAC0B-0FA0-47F4-8956-06E70E613060}.Release|Any CPU.Build.0 = Release|Any CPU
		{D0F0111B-672B-4590-A272-D84296438248}.Debug|Any CPU.ActiveCfg = Debug|Any CPU
		{D0F0111B-672B-4590-A272-D84296438248}.Debug|Any CPU.Build.0 = Debug|Any CPU
		{D0F0111B-672B-4590-A272-D84296438248}.Release|Any CPU.ActiveCfg = Release|Any CPU
		{D0F0111B-672B-4590-A272-D84296438248}.Release|Any CPU.Build.0 = Release|Any CPU
		{F6F5C969-20F6-4BC9-9E63-20576F5FFD54}.Debug|Any CPU.ActiveCfg = Debug|Any CPU
		{F6F5C969-20F6-4BC9-9E63-20576F5FFD54}.Debug|Any CPU.Build.0 = Debug|Any CPU
		{F6F5C969-20F6-4BC9-9E63-20576F5FFD54}.Release|Any CPU.ActiveCfg = Release|Any CPU
		{F6F5C969-20F6-4BC9-9E63-20576F5FFD54}.Release|Any CPU.Build.0 = Release|Any CPU
		{BB0FA697-7A01-4862-96C9-2AFA70F8C03E}.Debug|Any CPU.ActiveCfg = Debug|Any CPU
		{BB0FA697-7A01-4862-96C9-2AFA70F8C03E}.Debug|Any CPU.Build.0 = Debug|Any CPU
		{BB0FA697-7A01-4862-96C9-2AFA70F8C03E}.Release|Any CPU.ActiveCfg = Release|Any CPU
		{BB0FA697-7A01-4862-96C9-2AFA70F8C03E}.Release|Any CPU.Build.0 = Release|Any CPU
		{B37292A9-BC78-460E-92DC-D4A7B774A78F}.Debug|Any CPU.ActiveCfg = Debug|Any CPU
		{B37292A9-BC78-460E-92DC-D4A7B774A78F}.Debug|Any CPU.Build.0 = Debug|Any CPU
		{B37292A9-BC78-460E-92DC-D4A7B774A78F}.Release|Any CPU.ActiveCfg = Release|Any CPU
		{B37292A9-BC78-460E-92DC-D4A7B774A78F}.Release|Any CPU.Build.0 = Release|Any CPU
	EndGlobalSection
	GlobalSection(SolutionProperties) = preSolution
		HideSolutionNode = FALSE
	EndGlobalSection
	GlobalSection(NestedProjects) = preSolution
		{4F345135-45D2-4622-ACCF-2BC35A9C0009} = {3D5E1A23-024C-4565-9BC1-F24E585A127B}
		{F87075E6-796D-4EE1-93F5-ADC15D5BC647} = {3D5E1A23-024C-4565-9BC1-F24E585A127B}
		{9EFF0D6B-A2BD-4399-9544-58C288D33D88} = {3D5E1A23-024C-4565-9BC1-F24E585A127B}
		{A3931D73-2DF6-479A-9FAC-E5F2D57DFB93} = {3D5E1A23-024C-4565-9BC1-F24E585A127B}
		{1435983A-297D-4A9B-973C-495691F903B6} = {3D5E1A23-024C-4565-9BC1-F24E585A127B}
		{4F4D47D1-66E5-40D6-92B4-3BD5F12268BF} = {3D5E1A23-024C-4565-9BC1-F24E585A127B}
		{A9B8EDEC-702D-4ADD-A3E6-8A8169AB091E} = {3D5E1A23-024C-4565-9BC1-F24E585A127B}
		{D9B5D592-D609-4B5A-8805-BB291F561C5A} = {3D5E1A23-024C-4565-9BC1-F24E585A127B}
		{B911AA3A-8802-4129-9A12-4207EFB68B95} = {3D5E1A23-024C-4565-9BC1-F24E585A127B}
		{3D5E1A23-024C-4565-9BC1-F24E585A127B} = {9684DE79-9A4B-400A-8B8D-B5962F0A26C2}
		{8C806A2B-7D36-42FE-8495-EA810C19241F} = {9684DE79-9A4B-400A-8B8D-B5962F0A26C2}
		{67B349A2-3C7C-4FAA-B6BD-46E99540EAF5} = {8C806A2B-7D36-42FE-8495-EA810C19241F}
		{C896D9C2-88F9-4C7F-B4CA-5E0E980F6EF0} = {8C806A2B-7D36-42FE-8495-EA810C19241F}
		{683C5FE1-B33E-4E55-AE21-6FB6156FA41D} = {8C806A2B-7D36-42FE-8495-EA810C19241F}
		{2343DD4C-A1EA-4B05-BCCB-24C84A35A875} = {8C806A2B-7D36-42FE-8495-EA810C19241F}
		{6044F0AB-1716-4241-AE0A-227591831102} = {8C806A2B-7D36-42FE-8495-EA810C19241F}
		{D5BC4163-1B02-464A-AA46-EF02EA288B17} = {8C806A2B-7D36-42FE-8495-EA810C19241F}
		{C9417B0D-F5E9-4393-875F-2FBDB4BC2C31} = {8C806A2B-7D36-42FE-8495-EA810C19241F}
		{FD945D07-ED7C-4D01-9126-6ED0476E2B7B} = {8C806A2B-7D36-42FE-8495-EA810C19241F}
		{35765E64-F9CF-4AAD-8C10-D94AE1BDD0E6} = {8C806A2B-7D36-42FE-8495-EA810C19241F}
		{A48B7519-8863-439C-B9F2-28F009329DBE} = {8C806A2B-7D36-42FE-8495-EA810C19241F}
		{AA9A13CC-3400-42F7-9389-0E2A7EDBD303} = {8C806A2B-7D36-42FE-8495-EA810C19241F}
		{02E9B0D7-6A03-44EF-86D5-53AD17D33728} = {8C806A2B-7D36-42FE-8495-EA810C19241F}
		{C2D1D567-BB78-4E42-87F0-F66AFE5D5277} = {8C806A2B-7D36-42FE-8495-EA810C19241F}
		{416F3300-1D7C-4C6C-8799-088BA57BD9DE} = {8C806A2B-7D36-42FE-8495-EA810C19241F}
		{D9CFB24A-9698-4164-BD3B-5527525464CF} = {8C806A2B-7D36-42FE-8495-EA810C19241F}
		{9C429582-3D0E-46E3-B5D3-F6CD3DC4D768} = {8C806A2B-7D36-42FE-8495-EA810C19241F}
		{B05612D9-E853-4FAD-8590-FBC69FEA9DC5} = {8C806A2B-7D36-42FE-8495-EA810C19241F}
		{E913A889-BDCF-4A4C-BE48-ED7BC7B9AFAE} = {8C806A2B-7D36-42FE-8495-EA810C19241F}
		{853BC93A-1CE5-42AC-90A2-4AF74ADB8274} = {8C806A2B-7D36-42FE-8495-EA810C19241F}
		{E11BC254-502C-49E0-8DD7-9EF66290110F} = {8C806A2B-7D36-42FE-8495-EA810C19241F}
		{BE68A62F-1269-4EFA-846A-B18B29FCEB1C} = {8C806A2B-7D36-42FE-8495-EA810C19241F}
		{24BF89A2-7202-4FC5-A3D1-CA16FA9BB3E2} = {8C806A2B-7D36-42FE-8495-EA810C19241F}
		{560EADB5-EECD-4B44-8BC0-543C7484FF24} = {8C806A2B-7D36-42FE-8495-EA810C19241F}
		{DB175A23-7FBA-444E-9400-1F9B721A279C} = {8C806A2B-7D36-42FE-8495-EA810C19241F}
		{9B5C6086-FDE3-4852-BCAA-19DE848FB373} = {8C806A2B-7D36-42FE-8495-EA810C19241F}
		{9A48D0E5-099E-4EB4-B212-7919F6B16FE6} = {8C806A2B-7D36-42FE-8495-EA810C19241F}
		{ABAEAB23-D3AA-45B5-BB26-29A0C4380395} = {8C806A2B-7D36-42FE-8495-EA810C19241F}
		{D5E83ED2-E861-4E01-80EC-8C8B6F058DB9} = {8C806A2B-7D36-42FE-8495-EA810C19241F}
		{5332BF58-EEF0-4520-A476-2D6904FBB84F} = {8C806A2B-7D36-42FE-8495-EA810C19241F}
		{668B2335-FBB0-4E31-A87E-C223DC572446} = {8C806A2B-7D36-42FE-8495-EA810C19241F}
		{0314DE45-133B-4821-A1C1-58EDA3AB95E5} = {8C806A2B-7D36-42FE-8495-EA810C19241F}
		{4B57AA72-107F-4B6D-BA86-0CCD1B569CE1} = {8C806A2B-7D36-42FE-8495-EA810C19241F}
		{1D2E449D-D1C1-45D9-83C2-EA95D21330C1} = {8C806A2B-7D36-42FE-8495-EA810C19241F}
		{975696A2-39DD-469B-8ECD-180040BBFCDC} = {8C806A2B-7D36-42FE-8495-EA810C19241F}
		{D1235E49-AB2B-4B8B-AD14-A72B3E38E5ED} = {8C806A2B-7D36-42FE-8495-EA810C19241F}
		{8B91885F-E322-4203-8B08-815FFE14BB6F} = {8C806A2B-7D36-42FE-8495-EA810C19241F}
		{7BE9960B-DEF8-4DEA-B2B7-358ED45A4B9F} = {8C806A2B-7D36-42FE-8495-EA810C19241F}
		{5839B01C-2755-4DDB-AE0A-22ADBA0C1037} = {8C806A2B-7D36-42FE-8495-EA810C19241F}
		{5F7A4DC7-5744-459F-85A2-6E6993F3614E} = {8C806A2B-7D36-42FE-8495-EA810C19241F}
		{64ECA72E-BD28-4DB1-BC4E-32DC2EBCB887} = {8C806A2B-7D36-42FE-8495-EA810C19241F}
		{F6625E77-CBFB-485B-B3B6-D46ADC14C022} = {8C806A2B-7D36-42FE-8495-EA810C19241F}
		{33EED5AB-4E6F-47DA-B273-BC93A92B7DFB} = {8C806A2B-7D36-42FE-8495-EA810C19241F}
		{DB546555-BDD5-46F4-9766-25BEE5B62633} = {8C806A2B-7D36-42FE-8495-EA810C19241F}
		{CEFA8046-F3F5-4AF6-B9AA-661866C1722E} = {8C806A2B-7D36-42FE-8495-EA810C19241F}
		{80719FAF-1AE2-4099-9132-95D0AB0CEE2C} = {8C806A2B-7D36-42FE-8495-EA810C19241F}
		{5054856E-B5DE-4FBE-B861-9E7D2CA4826B} = {8C806A2B-7D36-42FE-8495-EA810C19241F}
		{AFE230AD-7FA7-484B-BB53-724515B8D14A} = {8C806A2B-7D36-42FE-8495-EA810C19241F}
		{C9021681-1BE5-43A2-A407-DC7631120C51} = {8C806A2B-7D36-42FE-8495-EA810C19241F}
		{93A86182-9E2B-4C51-B576-6AAC3C2C2241} = {8C806A2B-7D36-42FE-8495-EA810C19241F}
		{103E789D-F2B0-4AF2-AFB1-E0294DC8A2E1} = {8C806A2B-7D36-42FE-8495-EA810C19241F}
		{213429B4-8795-45E9-BAF9-E6159E81B9CD} = {8C806A2B-7D36-42FE-8495-EA810C19241F}
		{1A9B3D42-6DC8-4E45-873F-EEDE3B7015C3} = {8C806A2B-7D36-42FE-8495-EA810C19241F}
		{D81CB7DA-5FCF-4C89-8378-313ACFD24F3E} = {8C806A2B-7D36-42FE-8495-EA810C19241F}
		{20564F80-2BA9-4385-8337-9BD818147149} = {8C806A2B-7D36-42FE-8495-EA810C19241F}
		{F297535F-8585-4F5E-9C5A-051113BB21EE} = {8C806A2B-7D36-42FE-8495-EA810C19241F}
		{BF518153-2940-4FBC-8ABE-4783BAF4F108} = {8C806A2B-7D36-42FE-8495-EA810C19241F}
		{A49D7687-343D-4D6F-BDE9-88104104E68C} = {8C806A2B-7D36-42FE-8495-EA810C19241F}
		{173E256F-5734-432D-87F3-08196D3E092D} = {8C806A2B-7D36-42FE-8495-EA810C19241F}
		{14688555-402B-4B35-B5E3-744776AE1B8A} = {9684DE79-9A4B-400A-8B8D-B5962F0A26C2}
		{6F51C3C3-52E9-4138-8D0E-1D69BC4EE775} = {14688555-402B-4B35-B5E3-744776AE1B8A}
		{F373CAD9-F3D2-42B5-9A17-C40069334AAA} = {14688555-402B-4B35-B5E3-744776AE1B8A}
		{674C0E5A-BBB4-4CD0-9429-AF41E1A6DC01} = {14688555-402B-4B35-B5E3-744776AE1B8A}
		{4CB71FB0-C794-492A-9013-D12C4523066B} = {14688555-402B-4B35-B5E3-744776AE1B8A}
		{7F6EC2D8-E804-4640-B04A-20BB2EBB5958} = {14688555-402B-4B35-B5E3-744776AE1B8A}
		{14ECCF38-64F4-4DB9-9081-AA0B4D08BF68} = {14688555-402B-4B35-B5E3-744776AE1B8A}
		{5DD7EFED-311E-4B95-8C39-342A337FA798} = {14688555-402B-4B35-B5E3-744776AE1B8A}
		{1B4CEE4A-E0F6-4EC3-A4F2-16C6590926DC} = {14688555-402B-4B35-B5E3-744776AE1B8A}
		{0B0C2C4D-B3B7-48FB-9AB6-2E7372A5A463} = {14688555-402B-4B35-B5E3-744776AE1B8A}
		{64F00E47-8F32-4C99-BAB8-1AB8BA9D5189} = {14688555-402B-4B35-B5E3-744776AE1B8A}
		{190FE141-EDAC-436C-9BF6-746D260B46DC} = {14688555-402B-4B35-B5E3-744776AE1B8A}
		{EB95A2D4-F2ED-4114-9FDB-99EF6B115DFD} = {14688555-402B-4B35-B5E3-744776AE1B8A}
		{165D8264-DCB6-41DB-AB10-114AA204CFEC} = {14688555-402B-4B35-B5E3-744776AE1B8A}
		{2D213DB9-0447-44CB-B2A3-E9EF3B0FE247} = {14688555-402B-4B35-B5E3-744776AE1B8A}
		{059498C5-08FB-4B29-A1E8-2987408970E2} = {14688555-402B-4B35-B5E3-744776AE1B8A}
		{35473D7E-BBE1-4345-9AEA-0821A08B72D6} = {14688555-402B-4B35-B5E3-744776AE1B8A}
		{6E79D378-6727-4A9A-B9A3-25E7E4E01236} = {9684DE79-9A4B-400A-8B8D-B5962F0A26C2}
		{1EF3155F-034C-40AD-B3FE-27D1F485BF6C} = {6E79D378-6727-4A9A-B9A3-25E7E4E01236}
		{3FD0D8A0-2934-4EF3-917D-CEFF7C85340C} = {6E79D378-6727-4A9A-B9A3-25E7E4E01236}
		{D34A199C-15C6-4267-AAC4-CAD3008E6833} = {6E79D378-6727-4A9A-B9A3-25E7E4E01236}
		{C14505BD-14C9-4AA4-871C-EDE53B0FC2B2} = {6E79D378-6727-4A9A-B9A3-25E7E4E01236}
		{1777F0FB-E79A-4DD8-85D2-611D64F85EAD} = {6E79D378-6727-4A9A-B9A3-25E7E4E01236}
		{70128571-BDB0-40A1-8FA5-08E70E0B4BF1} = {6E79D378-6727-4A9A-B9A3-25E7E4E01236}
		{403436F3-65A6-4DCF-BFEE-DA86A205FB08} = {6E79D378-6727-4A9A-B9A3-25E7E4E01236}
		{E34E01FA-DB80-4070-B7FC-EF82B77F5068} = {6E79D378-6727-4A9A-B9A3-25E7E4E01236}
		{7C076769-C2DD-4E88-80F1-8D9714249CBA} = {6E79D378-6727-4A9A-B9A3-25E7E4E01236}
		{6E0583D9-76E3-4E71-BE46-A00EC3F8D729} = {6E79D378-6727-4A9A-B9A3-25E7E4E01236}
		{C91C6FF1-9CBD-4A00-BB79-1F237EDC1263} = {6E79D378-6727-4A9A-B9A3-25E7E4E01236}
		{B6391606-3147-414D-BC59-002342D2DCEF} = {6E79D378-6727-4A9A-B9A3-25E7E4E01236}
		{4E88FE26-4866-47C5-92CA-D2840C970826} = {6E79D378-6727-4A9A-B9A3-25E7E4E01236}
		{8E20E4C7-FE27-484B-85EB-433880D4330C} = {6E79D378-6727-4A9A-B9A3-25E7E4E01236}
		{E66E54E4-AFEF-4048-B364-1F376CEB9689} = {6E79D378-6727-4A9A-B9A3-25E7E4E01236}
		{B523EBCD-9CAB-4D37-BF4F-63D1C8CCBC3A} = {6E79D378-6727-4A9A-B9A3-25E7E4E01236}
		{6484DA0F-9253-407A-858F-51E2613B5346} = {6E79D378-6727-4A9A-B9A3-25E7E4E01236}
		{3E486266-2FEC-4ED3-BA58-A87085F118F3} = {6E79D378-6727-4A9A-B9A3-25E7E4E01236}
		{F0DA0274-42B6-455D-BAA5-196B6BF04569} = {6E79D378-6727-4A9A-B9A3-25E7E4E01236}
		{14EAC91F-5F57-47CD-9B8D-182979CC2479} = {6E79D378-6727-4A9A-B9A3-25E7E4E01236}
		{22A247E1-918B-4912-B226-F8F49C776DCB} = {6E79D378-6727-4A9A-B9A3-25E7E4E01236}
		{816BF417-4312-462C-BD55-4538A848A933} = {6E79D378-6727-4A9A-B9A3-25E7E4E01236}
		{912661AC-19DE-4B11-876F-C1049EA87B2B} = {9684DE79-9A4B-400A-8B8D-B5962F0A26C2}
		{D44DF03E-E66E-4CD6-8B91-8D47648E117E} = {912661AC-19DE-4B11-876F-C1049EA87B2B}
		{5C1F8D88-FD71-406D-B75E-03C09564DEAB} = {912661AC-19DE-4B11-876F-C1049EA87B2B}
		{AF74DCB2-562D-4BDD-81DD-936A052AAB3C} = {912661AC-19DE-4B11-876F-C1049EA87B2B}
		{2E445A1F-4FD3-4E8B-AD73-4A6379FA93DC} = {912661AC-19DE-4B11-876F-C1049EA87B2B}
		{ACE0FC16-AFBA-4313-B27A-25781BDBBCC4} = {912661AC-19DE-4B11-876F-C1049EA87B2B}
		{C6C3AF89-C355-418F-BE9B-F0AB1FB086B0} = {912661AC-19DE-4B11-876F-C1049EA87B2B}
		{C1A0BB33-89D5-49E9-8BB1-968B3122190A} = {912661AC-19DE-4B11-876F-C1049EA87B2B}
		{5EE8B1D0-6854-443F-AF11-8FB56986717F} = {912661AC-19DE-4B11-876F-C1049EA87B2B}
		{90A33469-7DC3-4193-9B87-3F3F5664AB24} = {912661AC-19DE-4B11-876F-C1049EA87B2B}
		{0AE29DBF-0619-444D-9DAD-638394C16866} = {912661AC-19DE-4B11-876F-C1049EA87B2B}
		{81CDF5D3-6AA6-4E09-96D3-E2CD3545400D} = {912661AC-19DE-4B11-876F-C1049EA87B2B}
		{F4FB7133-73AF-4865-BDD8-AB7D87515109} = {912661AC-19DE-4B11-876F-C1049EA87B2B}
		{7C569A0E-1B69-41E2-8870-6DFE29814C73} = {912661AC-19DE-4B11-876F-C1049EA87B2B}
		{9174C399-0FEC-4747-AB06-47D6AE4AFC3C} = {912661AC-19DE-4B11-876F-C1049EA87B2B}
		{68447C83-2962-4EE9-8EA4-0EAC95875672} = {912661AC-19DE-4B11-876F-C1049EA87B2B}
		{91521B45-992E-4010-B6F7-81BE40955BA1} = {912661AC-19DE-4B11-876F-C1049EA87B2B}
		{93D30554-6FD5-4A88-AC68-40BC44A6D4E3} = {912661AC-19DE-4B11-876F-C1049EA87B2B}
		{51FBE03B-95F6-4D7D-AFF9-8795B849A62D} = {912661AC-19DE-4B11-876F-C1049EA87B2B}
		{B9C3337C-EE33-49D3-9461-46D100B84E5E} = {912661AC-19DE-4B11-876F-C1049EA87B2B}
		{4D47454C-682B-4350-AD65-A86F1A661D5E} = {912661AC-19DE-4B11-876F-C1049EA87B2B}
		{A19A8028-C8E6-4404-8643-2217E88624AD} = {912661AC-19DE-4B11-876F-C1049EA87B2B}
		{5BA9DA2E-DBB1-40D5-B5F1-722EA1F6F48C} = {912661AC-19DE-4B11-876F-C1049EA87B2B}
		{84448E77-7B7C-4609-92F9-5590A036417F} = {912661AC-19DE-4B11-876F-C1049EA87B2B}
		{D22BC143-47C3-4B14-9D96-D89F5535B227} = {912661AC-19DE-4B11-876F-C1049EA87B2B}
		{68864444-9FF9-44DA-B9B7-F5E7860AD2DB} = {912661AC-19DE-4B11-876F-C1049EA87B2B}
		{F734AD1D-59AC-4D78-A981-23ACB5F23D12} = {912661AC-19DE-4B11-876F-C1049EA87B2B}
		{EF6ED784-F7CF-4384-A1E8-DBEBA7D10FC7} = {9684DE79-9A4B-400A-8B8D-B5962F0A26C2}
		{1EA4AD87-7A04-4ACC-B27E-80E805F27D31} = {EF6ED784-F7CF-4384-A1E8-DBEBA7D10FC7}
		{1071EFA1-B556-4AC3-8EC5-C1EF141CECC9} = {EF6ED784-F7CF-4384-A1E8-DBEBA7D10FC7}
		{CB5FF178-264D-4A6E-A4FE-8A76C318647E} = {EF6ED784-F7CF-4384-A1E8-DBEBA7D10FC7}
		{C304EDD9-257F-46F6-AA1E-E9A172FB4A76} = {EF6ED784-F7CF-4384-A1E8-DBEBA7D10FC7}
		{7CC7611D-DE55-43E7-AA95-9482530AB107} = {EF6ED784-F7CF-4384-A1E8-DBEBA7D10FC7}
		{403119DA-482B-4391-ADEC-7F85D4A3CD5D} = {EF6ED784-F7CF-4384-A1E8-DBEBA7D10FC7}
		{671373EE-5FEC-40C8-A24E-B0F66C653B02} = {EF6ED784-F7CF-4384-A1E8-DBEBA7D10FC7}
		{8720EB68-4CDF-493D-AE58-9241C17B5DB3} = {EF6ED784-F7CF-4384-A1E8-DBEBA7D10FC7}
		{CBC17095-F1C3-4944-96E2-F74D3C160AA5} = {EF6ED784-F7CF-4384-A1E8-DBEBA7D10FC7}
		{6C48B888-4D67-4A2D-996E-C1DEE6EDE54E} = {EF6ED784-F7CF-4384-A1E8-DBEBA7D10FC7}
		{1C477A26-2117-4A4F-B28E-878B369CE1FD} = {EF6ED784-F7CF-4384-A1E8-DBEBA7D10FC7}
		{2B39EBC1-137F-411E-807A-B858B63182E2} = {EF6ED784-F7CF-4384-A1E8-DBEBA7D10FC7}
		{9F3F0366-743A-4B7E-81E0-9E2D9F8C96CD} = {EF6ED784-F7CF-4384-A1E8-DBEBA7D10FC7}
		{CC2DAC0B-0FA0-47F4-8956-06E70E613060} = {EF6ED784-F7CF-4384-A1E8-DBEBA7D10FC7}
		{D0F0111B-672B-4590-A272-D84296438248} = {EF6ED784-F7CF-4384-A1E8-DBEBA7D10FC7}
		{F6F5C969-20F6-4BC9-9E63-20576F5FFD54} = {EF6ED784-F7CF-4384-A1E8-DBEBA7D10FC7}
		{BB0FA697-7A01-4862-96C9-2AFA70F8C03E} = {EF6ED784-F7CF-4384-A1E8-DBEBA7D10FC7}
		{B37292A9-BC78-460E-92DC-D4A7B774A78F} = {EF6ED784-F7CF-4384-A1E8-DBEBA7D10FC7}
	EndGlobalSection
	GlobalSection(ExtensibilityGlobals) = postSolution
		SolutionGuid = {6CEE4B8A-8E9E-4D20-9B02-59E7A15EDB3F}
	EndGlobalSection
EndGlobal
