
Microsoft Visual Studio Solution File, Format Version 12.00
# Visual Studio Version 16
VisualStudioVersion = 16.0.30011.22
MinimumVisualStudioVersion = 10.0.40219.1
Project("{FAE04EC0-301F-11D3-BF4B-00C04F79EFBC}") = "DataBase", "DataBase\DataBase.csproj", "{FCF780E8-5C46-49C6-AD20-D4158090915B}"
EndProject
Project("{FAE04EC0-301F-11D3-BF4B-00C04F79EFBC}") = "DataBase.SqlServer", "DataBase.SqlServer\DataBase.SqlServer.csproj", "{67AE1535-752C-4BF3-8229-8DEA1B0F4693}"
EndProject
Project("{FAE04EC0-301F-11D3-BF4B-00C04F79EFBC}") = "DataBase.Oracle", "DataBase.Oracle\DataBase.Oracle.csproj", "{1B23B405-DF18-4A65-A7A6-6F7F89721F0E}"
EndProject
Project("{FAE04EC0-301F-11D3-BF4B-00C04F79EFBC}") = "DataBase.MySql", "DataBase.MySql\DataBase.MySql.csproj", "{7ACEA1CE-B522-463E-B200-3077DA70BE90}"
EndProject
Project("{FAE04EC0-301F-11D3-BF4B-00C04F79EFBC}") = "DataBase.Repository", "DataBase.Repository\DataBase.Repository.csproj", "{7397D3FE-C81A-4069-8EA6-8EE17C347F2F}"
EndProject
Global
	GlobalSection(SolutionConfigurationPlatforms) = preSolution
		Debug|Any CPU = Debug|Any CPU
		Release|Any CPU = Release|Any CPU
	EndGlobalSection
	GlobalSection(ProjectConfigurationPlatforms) = postSolution
		{FCF780E8-5C46-49C6-AD20-D4158090915B}.Debug|Any CPU.ActiveCfg = Debug|Any CPU
		{FCF780E8-5C46-49C6-AD20-D4158090915B}.Debug|Any CPU.Build.0 = Debug|Any CPU
		{FCF780E8-5C46-49C6-AD20-D4158090915B}.Release|Any CPU.ActiveCfg = Release|Any CPU
		{FCF780E8-5C46-49C6-AD20-D4158090915B}.Release|Any CPU.Build.0 = Release|Any CPU
		{67AE1535-752C-4BF3-8229-8DEA1B0F4693}.Debug|Any CPU.ActiveCfg = Debug|Any CPU
		{67AE1535-752C-4BF3-8229-8DEA1B0F4693}.Debug|Any CPU.Build.0 = Debug|Any CPU
		{67AE1535-752C-4BF3-8229-8DEA1B0F4693}.Release|Any CPU.ActiveCfg = Release|Any CPU
		{67AE1535-752C-4BF3-8229-8DEA1B0F4693}.Release|Any CPU.Build.0 = Release|Any CPU
		{1B23B405-DF18-4A65-A7A6-6F7F89721F0E}.Debug|Any CPU.ActiveCfg = Debug|Any CPU
		{1B23B405-DF18-4A65-A7A6-6F7F89721F0E}.Debug|Any CPU.Build.0 = Debug|Any CPU
		{1B23B405-DF18-4A65-A7A6-6F7F89721F0E}.Release|Any CPU.ActiveCfg = Release|Any CPU
		{1B23B405-DF18-4A65-A7A6-6F7F89721F0E}.Release|Any CPU.Build.0 = Release|Any CPU
		{7ACEA1CE-B522-463E-B200-3077DA70BE90}.Debug|Any CPU.ActiveCfg = Debug|Any CPU
		{7ACEA1CE-B522-463E-B200-3077DA70BE90}.Debug|Any CPU.Build.0 = Debug|Any CPU
		{7ACEA1CE-B522-463E-B200-3077DA70BE90}.Release|Any CPU.ActiveCfg = Release|Any CPU
		{7ACEA1CE-B522-463E-B200-3077DA70BE90}.Release|Any CPU.Build.0 = Release|Any CPU
		{7397D3FE-C81A-4069-8EA6-8EE17C347F2F}.Debug|Any CPU.ActiveCfg = Debug|Any CPU
		{7397D3FE-C81A-4069-8EA6-8EE17C347F2F}.Debug|Any CPU.Build.0 = Debug|Any CPU
		{7397D3FE-C81A-4069-8EA6-8EE17C347F2F}.Release|Any CPU.ActiveCfg = Release|Any CPU
		{7397D3FE-C81A-4069-8EA6-8EE17C347F2F}.Release|Any CPU.Build.0 = Release|Any CPU
	EndGlobalSection
	GlobalSection(SolutionProperties) = preSolution
		HideSolutionNode = FALSE
	EndGlobalSection
	GlobalSection(ExtensibilityGlobals) = postSolution
		SolutionGuid = {F01A21EF-DFA6-4102-B444-94559756D7FD}
	EndGlobalSection
EndGlobal
