
Microsoft Visual Studio Solution File, Format Version 12.00
# Visual Studio Version 16
VisualStudioVersion = 16.0.30011.22
MinimumVisualStudioVersion = 10.0.40219.1
Project("{FAE04EC0-301F-11D3-BF4B-00C04F79EFBC}") = "SingletonPattern", "SingletonPattern\SingletonPattern.csproj", "{B11301B9-F414-4C66-B2C3-234AD317E98D}"
EndProject
Project("{FAE04EC0-301F-11D3-BF4B-00C04F79EFBC}") = "SimpleFactoryPattern", "SimpleFactoryPattern\SimpleFactoryPattern.csproj", "{CEB2B721-1516-4E7A-B35A-3FB52BA5488B}"
EndProject
Project("{FAE04EC0-301F-11D3-BF4B-00C04F79EFBC}") = "FactoryPattern.ToyotaMotor.Interface", "FactoryPattern.ToyotaMotor.Interface\FactoryPattern.ToyotaMotor.Interface.csproj", "{4E852640-E89E-4BD2-AB4E-ED0681FD5A6C}"
EndProject
Project("{FAE04EC0-301F-11D3-BF4B-00C04F79EFBC}") = "FactoryPattern.ToyotaMotor.Service", "FactoryPattern.ToyotaMotor.Service\FactoryPattern.ToyotaMotor.Service.csproj", "{E7FF6184-CF7D-4CA9-893D-0955B605A2C4}"
EndProject
Project("{FAE04EC0-301F-11D3-BF4B-00C04F79EFBC}") = "FactoryPattern.ToyotaMotor.ServiceExtend", "FactoryPattern.ToyotaMotor.ServiceExtend\FactoryPattern.ToyotaMotor.ServiceExtend.csproj", "{BB3E4186-1174-4A38-9DD2-16F2924CF31F}"
EndProject
Project("{FAE04EC0-301F-11D3-BF4B-00C04F79EFBC}") = "FactoryMethodPattern", "FactoryMethodPattern\FactoryMethodPattern.csproj", "{AE9B8E2D-E625-4253-9FBC-72A96C57AC13}"
EndProject
Project("{FAE04EC0-301F-11D3-BF4B-00C04F79EFBC}") = "Sanguosha.Interface", "Sanguosha.Interface\Sanguosha.Interface.csproj", "{BB048055-0EE3-4586-8606-07623D3BB28E}"
EndProject
Project("{FAE04EC0-301F-11D3-BF4B-00C04F79EFBC}") = "Sanguosha.Service", "Sanguosha.Service\Sanguosha.Service.csproj", "{3D7B96C5-D08C-4508-BB4A-C93A6EB4D0BE}"
EndProject
Project("{FAE04EC0-301F-11D3-BF4B-00C04F79EFBC}") = "Sanguosha.Factory", "Sanguosha.Factory\Sanguosha.Factory.csproj", "{5322C068-9377-44A9-9D26-57FD884FE860}"
EndProject
Project("{FAE04EC0-301F-11D3-BF4B-00C04F79EFBC}") = "AbstractFactoryPattern", "AbstractFactoryPattern\AbstractFactoryPattern.csproj", "{2BB53575-4694-4C04-8BF2-1199EA63DAD7}"
EndProject
Project("{FAE04EC0-301F-11D3-BF4B-00C04F79EFBC}") = "ObserverPattern", "ObserverPattern\ObserverPattern.csproj", "{430515A6-AED5-43B9-B10A-0E3E57A38AAF}"
EndProject
Project("{FAE04EC0-301F-11D3-BF4B-00C04F79EFBC}") = "AdapterPattern", "AdapterPattern\AdapterPattern.csproj", "{80C48817-60EC-4B7F-8155-F972CDCCB030}"
EndProject
Project("{FAE04EC0-301F-11D3-BF4B-00C04F79EFBC}") = "BuilderPattern", "BuilderPattern\BuilderPattern.csproj", "{3B8D8B93-D085-42F2-B2FB-937572B47018}"
EndProject
Global
	GlobalSection(SolutionConfigurationPlatforms) = preSolution
		Debug|Any CPU = Debug|Any CPU
		Release|Any CPU = Release|Any CPU
	EndGlobalSection
	GlobalSection(ProjectConfigurationPlatforms) = postSolution
		{B11301B9-F414-4C66-B2C3-234AD317E98D}.Debug|Any CPU.ActiveCfg = Debug|Any CPU
		{B11301B9-F414-4C66-B2C3-234AD317E98D}.Debug|Any CPU.Build.0 = Debug|Any CPU
		{B11301B9-F414-4C66-B2C3-234AD317E98D}.Release|Any CPU.ActiveCfg = Release|Any CPU
		{B11301B9-F414-4C66-B2C3-234AD317E98D}.Release|Any CPU.Build.0 = Release|Any CPU
		{CEB2B721-1516-4E7A-B35A-3FB52BA5488B}.Debug|Any CPU.ActiveCfg = Debug|Any CPU
		{CEB2B721-1516-4E7A-B35A-3FB52BA5488B}.Debug|Any CPU.Build.0 = Debug|Any CPU
		{CEB2B721-1516-4E7A-B35A-3FB52BA5488B}.Release|Any CPU.ActiveCfg = Release|Any CPU
		{CEB2B721-1516-4E7A-B35A-3FB52BA5488B}.Release|Any CPU.Build.0 = Release|Any CPU
		{4E852640-E89E-4BD2-AB4E-ED0681FD5A6C}.Debug|Any CPU.ActiveCfg = Debug|Any CPU
		{4E852640-E89E-4BD2-AB4E-ED0681FD5A6C}.Debug|Any CPU.Build.0 = Debug|Any CPU
		{4E852640-E89E-4BD2-AB4E-ED0681FD5A6C}.Release|Any CPU.ActiveCfg = Release|Any CPU
		{4E852640-E89E-4BD2-AB4E-ED0681FD5A6C}.Release|Any CPU.Build.0 = Release|Any CPU
		{E7FF6184-CF7D-4CA9-893D-0955B605A2C4}.Debug|Any CPU.ActiveCfg = Debug|Any CPU
		{E7FF6184-CF7D-4CA9-893D-0955B605A2C4}.Debug|Any CPU.Build.0 = Debug|Any CPU
		{E7FF6184-CF7D-4CA9-893D-0955B605A2C4}.Release|Any CPU.ActiveCfg = Release|Any CPU
		{E7FF6184-CF7D-4CA9-893D-0955B605A2C4}.Release|Any CPU.Build.0 = Release|Any CPU
		{BB3E4186-1174-4A38-9DD2-16F2924CF31F}.Debug|Any CPU.ActiveCfg = Debug|Any CPU
		{BB3E4186-1174-4A38-9DD2-16F2924CF31F}.Debug|Any CPU.Build.0 = Debug|Any CPU
		{BB3E4186-1174-4A38-9DD2-16F2924CF31F}.Release|Any CPU.ActiveCfg = Release|Any CPU
		{BB3E4186-1174-4A38-9DD2-16F2924CF31F}.Release|Any CPU.Build.0 = Release|Any CPU
		{AE9B8E2D-E625-4253-9FBC-72A96C57AC13}.Debug|Any CPU.ActiveCfg = Debug|Any CPU
		{AE9B8E2D-E625-4253-9FBC-72A96C57AC13}.Debug|Any CPU.Build.0 = Debug|Any CPU
		{AE9B8E2D-E625-4253-9FBC-72A96C57AC13}.Release|Any CPU.ActiveCfg = Release|Any CPU
		{AE9B8E2D-E625-4253-9FBC-72A96C57AC13}.Release|Any CPU.Build.0 = Release|Any CPU
		{BB048055-0EE3-4586-8606-07623D3BB28E}.Debug|Any CPU.ActiveCfg = Debug|Any CPU
		{BB048055-0EE3-4586-8606-07623D3BB28E}.Debug|Any CPU.Build.0 = Debug|Any CPU
		{BB048055-0EE3-4586-8606-07623D3BB28E}.Release|Any CPU.ActiveCfg = Release|Any CPU
		{BB048055-0EE3-4586-8606-07623D3BB28E}.Release|Any CPU.Build.0 = Release|Any CPU
		{3D7B96C5-D08C-4508-BB4A-C93A6EB4D0BE}.Debug|Any CPU.ActiveCfg = Debug|Any CPU
		{3D7B96C5-D08C-4508-BB4A-C93A6EB4D0BE}.Debug|Any CPU.Build.0 = Debug|Any CPU
		{3D7B96C5-D08C-4508-BB4A-C93A6EB4D0BE}.Release|Any CPU.ActiveCfg = Release|Any CPU
		{3D7B96C5-D08C-4508-BB4A-C93A6EB4D0BE}.Release|Any CPU.Build.0 = Release|Any CPU
		{5322C068-9377-44A9-9D26-57FD884FE860}.Debug|Any CPU.ActiveCfg = Debug|Any CPU
		{5322C068-9377-44A9-9D26-57FD884FE860}.Debug|Any CPU.Build.0 = Debug|Any CPU
		{5322C068-9377-44A9-9D26-57FD884FE860}.Release|Any CPU.ActiveCfg = Release|Any CPU
		{5322C068-9377-44A9-9D26-57FD884FE860}.Release|Any CPU.Build.0 = Release|Any CPU
		{2BB53575-4694-4C04-8BF2-1199EA63DAD7}.Debug|Any CPU.ActiveCfg = Debug|Any CPU
		{2BB53575-4694-4C04-8BF2-1199EA63DAD7}.Debug|Any CPU.Build.0 = Debug|Any CPU
		{2BB53575-4694-4C04-8BF2-1199EA63DAD7}.Release|Any CPU.ActiveCfg = Release|Any CPU
		{2BB53575-4694-4C04-8BF2-1199EA63DAD7}.Release|Any CPU.Build.0 = Release|Any CPU
		{430515A6-AED5-43B9-B10A-0E3E57A38AAF}.Debug|Any CPU.ActiveCfg = Debug|Any CPU
		{430515A6-AED5-43B9-B10A-0E3E57A38AAF}.Debug|Any CPU.Build.0 = Debug|Any CPU
		{430515A6-AED5-43B9-B10A-0E3E57A38AAF}.Release|Any CPU.ActiveCfg = Release|Any CPU
		{430515A6-AED5-43B9-B10A-0E3E57A38AAF}.Release|Any CPU.Build.0 = Release|Any CPU
		{80C48817-60EC-4B7F-8155-F972CDCCB030}.Debug|Any CPU.ActiveCfg = Debug|Any CPU
		{80C48817-60EC-4B7F-8155-F972CDCCB030}.Debug|Any CPU.Build.0 = Debug|Any CPU
		{80C48817-60EC-4B7F-8155-F972CDCCB030}.Release|Any CPU.ActiveCfg = Release|Any CPU
		{80C48817-60EC-4B7F-8155-F972CDCCB030}.Release|Any CPU.Build.0 = Release|Any CPU
		{3B8D8B93-D085-42F2-B2FB-937572B47018}.Debug|Any CPU.ActiveCfg = Debug|Any CPU
		{3B8D8B93-D085-42F2-B2FB-937572B47018}.Debug|Any CPU.Build.0 = Debug|Any CPU
		{3B8D8B93-D085-42F2-B2FB-937572B47018}.Release|Any CPU.ActiveCfg = Release|Any CPU
		{3B8D8B93-D085-42F2-B2FB-937572B47018}.Release|Any CPU.Build.0 = Release|Any CPU
	EndGlobalSection
	GlobalSection(SolutionProperties) = preSolution
		HideSolutionNode = FALSE
	EndGlobalSection
	GlobalSection(ExtensibilityGlobals) = postSolution
		SolutionGuid = {A96A874D-4AD2-46EB-88FA-450C719DC226}
	EndGlobalSection
EndGlobal
